{
  "originHash" : "e2a0da9adea6259184c2c12ab753a08fa2248e5a741822db031e44d35158af55",
  "pins" : [
    {
      "identity" : "simpleapinetwork",
      "kind" : "remoteSourceControl",
      "location" : "https://github.com/Tai-Kimura/SimpleApiNetwork",
      "state" : {
        "revision" : "a6111f06c1de50fffcc5cacde017e343f2a63a26",
        "version" : "2.1.8"
      }
    },
    {
      "identity" : "swiftjsonui",
      "kind" : "remoteSourceControl",
      "location" : "https://github.com/Tai-Kimura/SwiftJsonUI.git",
      "state" : {
        "revision" : "4f25d9d14fcdc99cfb8ad7f2cc8216e2dc63d269"
      }
    }
  ],
  "version" : 3
}
