// !$*UTF8*$!
{
	archiveVersion = 1;
	classes = {
	};
	objectVersion = 77;
	objects = {

/* Begin PBXBuildFile section */
		805A4E5DB9658D7C4C7F9C42 /* SimpleApiNetwork in Frameworks */ = {isa = PBXBuildFile; productRef = FAF51D5FC68EAA6615F9BA4E /* SimpleApiNetwork */; };
		A82522ADD656A33BB801C897 /* HotLoaderSetup.swift in Sources */ = {isa = PBXBuildFile; fileRef = 5D4A910801624FA3D1F866CB /* HotLoaderSetup.swift */; };
		E6854003DD3CACD7FBB927CB /* SwiftJsonUI in Frameworks */ = {isa = PBXBuildFile; productRef = 1AE69B5B48C570AAA993027A /* SwiftJsonUI */; };
/* End PBXBuildFile section */

/* Begin PBXContainerItemProxy section */
		B62F75272E4049C800D73687 /* PBXContainerItemProxy */ = {
			isa = PBXContainerItemProxy;
			containerPortal = B62F750C2E4049C500D73687 /* Project object */;
			proxyType = 1;
			remoteGlobalIDString = B62F75132E4049C500D73687;
			remoteInfo = swiftUITestApp;
		};
		B62F75312E4049C800D73687 /* PBXContainerItemProxy */ = {
			isa = PBXContainerItemProxy;
			containerPortal = B62F750C2E4049C500D73687 /* Project object */;
			proxyType = 1;
			remoteGlobalIDString = B62F75132E4049C500D73687;
			remoteInfo = swiftUITestApp;
		};
/* End PBXContainerItemProxy section */

/* Begin PBXFileReference section */
		5D4A910801624FA3D1F866CB /* HotLoaderSetup.swift */ = {isa = PBXFileReference; includeInIndex = 1; lastKnownFileType = sourcecode.swift; name = HotLoaderSetup.swift; path = swiftUITestApp/HotLoaderSetup.swift; sourceTree = "<group>"; };
		B62F75142E4049C500D73687 /* swiftUITestApp.app */ = {isa = PBXFileReference; explicitFileType = wrapper.application; includeInIndex = 0; path = swiftUITestApp.app; sourceTree = BUILT_PRODUCTS_DIR; };
		B62F75262E4049C800D73687 /* swiftUITestAppTests.xctest */ = {isa = PBXFileReference; explicitFileType = wrapper.cfbundle; includeInIndex = 0; path = swiftUITestAppTests.xctest; sourceTree = BUILT_PRODUCTS_DIR; };
		B62F75302E4049C800D73687 /* swiftUITestAppUITests.xctest */ = {isa = PBXFileReference; explicitFileType = wrapper.cfbundle; includeInIndex = 0; path = swiftUITestAppUITests.xctest; sourceTree = BUILT_PRODUCTS_DIR; };
/* End PBXFileReference section */

/* Begin PBXFileSystemSynchronizedBuildFileExceptionSet section */
		5848DCE6744DE0E4236374C4 /* Exceptions for "swiftUITestApp" folder in "swiftUITestApp" target */ = {
			isa = PBXFileSystemSynchronizedBuildFileExceptionSet;
			membershipExceptions = (
				"sjui_tools/.ruby-version",
				sjui_tools/bin/install_deps,
				sjui_tools/bin/sjui,
				sjui_tools/config/library_versions.json,
				sjui_tools/Gemfile,
				sjui_tools/Gemfile.lock,
				sjui_tools/IMPORTANT_NOTES.md,
				sjui_tools/lib/cli/command_base.rb,
				sjui_tools/lib/cli/commands/build.rb,
				sjui_tools/lib/cli/commands/convert.rb,
				sjui_tools/lib/cli/commands/destroy.rb,
				sjui_tools/lib/cli/commands/generate.rb,
				sjui_tools/lib/cli/commands/hotload.rb,
				sjui_tools/lib/cli/commands/init.rb,
				sjui_tools/lib/cli/commands/setup.rb,
				sjui_tools/lib/cli/commands/validate.rb,
				sjui_tools/lib/cli/commands/watch.rb,
				sjui_tools/lib/cli/main.rb,
				sjui_tools/lib/cli/version.rb,
				sjui_tools/lib/core/base_path.rb,
				sjui_tools/lib/core/config_manager.rb,
				sjui_tools/lib/core/file_watcher.rb,
				sjui_tools/lib/core/json_loader.rb,
				sjui_tools/lib/core/logger.rb,
				sjui_tools/lib/core/pbxproj_manager.rb,
				sjui_tools/lib/core/project_finder.rb,
				sjui_tools/lib/core/setup/common_setup.rb,
				sjui_tools/lib/core/setup/library_setup.rb,
				sjui_tools/lib/core/template_engine.rb,
				sjui_tools/lib/core/xcode_project_manager.rb,
				sjui_tools/lib/core/xcode_target_helper.rb,
				sjui_tools/lib/hotloader/ip_monitor.rb,
				sjui_tools/lib/hotloader/layout_loader.js,
				sjui_tools/lib/hotloader/node_modules/.bin/mime,
				"sjui_tools/lib/hotloader/node_modules/.package-lock.json",
				sjui_tools/lib/hotloader/node_modules/anymatch/index.js,
				sjui_tools/lib/hotloader/node_modules/anymatch/LICENSE,
				sjui_tools/lib/hotloader/node_modules/anymatch/package.json,
				sjui_tools/lib/hotloader/node_modules/anymatch/README.md,
				"sjui_tools/lib/hotloader/node_modules/array-flatten/array-flatten.js",
				"sjui_tools/lib/hotloader/node_modules/array-flatten/LICENSE",
				"sjui_tools/lib/hotloader/node_modules/array-flatten/package.json",
				"sjui_tools/lib/hotloader/node_modules/array-flatten/README.md",
				"sjui_tools/lib/hotloader/node_modules/binary-extensions/binary-extensions.json",
				"sjui_tools/lib/hotloader/node_modules/binary-extensions/index.js",
				"sjui_tools/lib/hotloader/node_modules/binary-extensions/license",
				"sjui_tools/lib/hotloader/node_modules/binary-extensions/package.json",
				"sjui_tools/lib/hotloader/node_modules/binary-extensions/readme.md",
				"sjui_tools/lib/hotloader/node_modules/body-parser/HISTORY.md",
				"sjui_tools/lib/hotloader/node_modules/body-parser/index.js",
				"sjui_tools/lib/hotloader/node_modules/body-parser/lib/read.js",
				"sjui_tools/lib/hotloader/node_modules/body-parser/lib/types/json.js",
				"sjui_tools/lib/hotloader/node_modules/body-parser/lib/types/raw.js",
				"sjui_tools/lib/hotloader/node_modules/body-parser/lib/types/text.js",
				"sjui_tools/lib/hotloader/node_modules/body-parser/lib/types/urlencoded.js",
				"sjui_tools/lib/hotloader/node_modules/body-parser/LICENSE",
				"sjui_tools/lib/hotloader/node_modules/body-parser/package.json",
				"sjui_tools/lib/hotloader/node_modules/body-parser/README.md",
				"sjui_tools/lib/hotloader/node_modules/body-parser/SECURITY.md",
				sjui_tools/lib/hotloader/node_modules/braces/index.js,
				sjui_tools/lib/hotloader/node_modules/braces/lib/compile.js,
				sjui_tools/lib/hotloader/node_modules/braces/lib/constants.js,
				sjui_tools/lib/hotloader/node_modules/braces/lib/expand.js,
				sjui_tools/lib/hotloader/node_modules/braces/lib/parse.js,
				sjui_tools/lib/hotloader/node_modules/braces/lib/stringify.js,
				sjui_tools/lib/hotloader/node_modules/braces/lib/utils.js,
				sjui_tools/lib/hotloader/node_modules/braces/LICENSE,
				sjui_tools/lib/hotloader/node_modules/braces/package.json,
				sjui_tools/lib/hotloader/node_modules/braces/README.md,
				sjui_tools/lib/hotloader/node_modules/bytes/History.md,
				sjui_tools/lib/hotloader/node_modules/bytes/index.js,
				sjui_tools/lib/hotloader/node_modules/bytes/LICENSE,
				sjui_tools/lib/hotloader/node_modules/bytes/package.json,
				sjui_tools/lib/hotloader/node_modules/bytes/Readme.md,
				"sjui_tools/lib/hotloader/node_modules/call-bind-apply-helpers/.eslintrc",
				"sjui_tools/lib/hotloader/node_modules/call-bind-apply-helpers/.github/FUNDING.yml",
				"sjui_tools/lib/hotloader/node_modules/call-bind-apply-helpers/.nycrc",
				"sjui_tools/lib/hotloader/node_modules/call-bind-apply-helpers/actualApply.js",
				"sjui_tools/lib/hotloader/node_modules/call-bind-apply-helpers/applyBind.js",
				"sjui_tools/lib/hotloader/node_modules/call-bind-apply-helpers/CHANGELOG.md",
				"sjui_tools/lib/hotloader/node_modules/call-bind-apply-helpers/functionApply.js",
				"sjui_tools/lib/hotloader/node_modules/call-bind-apply-helpers/functionCall.js",
				"sjui_tools/lib/hotloader/node_modules/call-bind-apply-helpers/index.js",
				"sjui_tools/lib/hotloader/node_modules/call-bind-apply-helpers/LICENSE",
				"sjui_tools/lib/hotloader/node_modules/call-bind-apply-helpers/package.json",
				"sjui_tools/lib/hotloader/node_modules/call-bind-apply-helpers/README.md",
				"sjui_tools/lib/hotloader/node_modules/call-bind-apply-helpers/reflectApply.js",
				"sjui_tools/lib/hotloader/node_modules/call-bind-apply-helpers/test/index.js",
				"sjui_tools/lib/hotloader/node_modules/call-bind-apply-helpers/tsconfig.json",
				"sjui_tools/lib/hotloader/node_modules/call-bound/.eslintrc",
				"sjui_tools/lib/hotloader/node_modules/call-bound/.github/FUNDING.yml",
				"sjui_tools/lib/hotloader/node_modules/call-bound/.nycrc",
				"sjui_tools/lib/hotloader/node_modules/call-bound/CHANGELOG.md",
				"sjui_tools/lib/hotloader/node_modules/call-bound/index.js",
				"sjui_tools/lib/hotloader/node_modules/call-bound/LICENSE",
				"sjui_tools/lib/hotloader/node_modules/call-bound/package.json",
				"sjui_tools/lib/hotloader/node_modules/call-bound/README.md",
				"sjui_tools/lib/hotloader/node_modules/call-bound/test/index.js",
				"sjui_tools/lib/hotloader/node_modules/call-bound/tsconfig.json",
				sjui_tools/lib/hotloader/node_modules/chokidar/index.js,
				sjui_tools/lib/hotloader/node_modules/chokidar/lib/constants.js,
				"sjui_tools/lib/hotloader/node_modules/chokidar/lib/fsevents-handler.js",
				"sjui_tools/lib/hotloader/node_modules/chokidar/lib/nodefs-handler.js",
				sjui_tools/lib/hotloader/node_modules/chokidar/LICENSE,
				sjui_tools/lib/hotloader/node_modules/chokidar/package.json,
				sjui_tools/lib/hotloader/node_modules/chokidar/README.md,
				"sjui_tools/lib/hotloader/node_modules/content-disposition/HISTORY.md",
				"sjui_tools/lib/hotloader/node_modules/content-disposition/index.js",
				"sjui_tools/lib/hotloader/node_modules/content-disposition/LICENSE",
				"sjui_tools/lib/hotloader/node_modules/content-disposition/package.json",
				"sjui_tools/lib/hotloader/node_modules/content-disposition/README.md",
				"sjui_tools/lib/hotloader/node_modules/content-type/HISTORY.md",
				"sjui_tools/lib/hotloader/node_modules/content-type/index.js",
				"sjui_tools/lib/hotloader/node_modules/content-type/LICENSE",
				"sjui_tools/lib/hotloader/node_modules/content-type/package.json",
				"sjui_tools/lib/hotloader/node_modules/content-type/README.md",
				sjui_tools/lib/hotloader/node_modules/cookie/index.js,
				sjui_tools/lib/hotloader/node_modules/cookie/LICENSE,
				sjui_tools/lib/hotloader/node_modules/cookie/package.json,
				sjui_tools/lib/hotloader/node_modules/cookie/README.md,
				sjui_tools/lib/hotloader/node_modules/cookie/SECURITY.md,
				sjui_tools/lib/hotloader/node_modules/debug/.coveralls.yml,
				sjui_tools/lib/hotloader/node_modules/debug/.eslintrc,
				sjui_tools/lib/hotloader/node_modules/debug/.npmignore,
				sjui_tools/lib/hotloader/node_modules/debug/.travis.yml,
				sjui_tools/lib/hotloader/node_modules/debug/CHANGELOG.md,
				sjui_tools/lib/hotloader/node_modules/debug/component.json,
				sjui_tools/lib/hotloader/node_modules/debug/karma.conf.js,
				sjui_tools/lib/hotloader/node_modules/debug/LICENSE,
				sjui_tools/lib/hotloader/node_modules/debug/Makefile,
				sjui_tools/lib/hotloader/node_modules/debug/node.js,
				sjui_tools/lib/hotloader/node_modules/debug/package.json,
				sjui_tools/lib/hotloader/node_modules/debug/README.md,
				sjui_tools/lib/hotloader/node_modules/debug/src/browser.js,
				sjui_tools/lib/hotloader/node_modules/debug/src/debug.js,
				sjui_tools/lib/hotloader/node_modules/debug/src/index.js,
				"sjui_tools/lib/hotloader/node_modules/debug/src/inspector-log.js",
				sjui_tools/lib/hotloader/node_modules/debug/src/node.js,
				sjui_tools/lib/hotloader/node_modules/depd/History.md,
				sjui_tools/lib/hotloader/node_modules/depd/index.js,
				sjui_tools/lib/hotloader/node_modules/depd/lib/browser/index.js,
				sjui_tools/lib/hotloader/node_modules/depd/LICENSE,
				sjui_tools/lib/hotloader/node_modules/depd/package.json,
				sjui_tools/lib/hotloader/node_modules/depd/Readme.md,
				sjui_tools/lib/hotloader/node_modules/destroy/index.js,
				sjui_tools/lib/hotloader/node_modules/destroy/LICENSE,
				sjui_tools/lib/hotloader/node_modules/destroy/package.json,
				sjui_tools/lib/hotloader/node_modules/destroy/README.md,
				"sjui_tools/lib/hotloader/node_modules/dunder-proto/.eslintrc",
				"sjui_tools/lib/hotloader/node_modules/dunder-proto/.github/FUNDING.yml",
				"sjui_tools/lib/hotloader/node_modules/dunder-proto/.nycrc",
				"sjui_tools/lib/hotloader/node_modules/dunder-proto/CHANGELOG.md",
				"sjui_tools/lib/hotloader/node_modules/dunder-proto/get.js",
				"sjui_tools/lib/hotloader/node_modules/dunder-proto/LICENSE",
				"sjui_tools/lib/hotloader/node_modules/dunder-proto/package.json",
				"sjui_tools/lib/hotloader/node_modules/dunder-proto/README.md",
				"sjui_tools/lib/hotloader/node_modules/dunder-proto/set.js",
				"sjui_tools/lib/hotloader/node_modules/dunder-proto/test/get.js",
				"sjui_tools/lib/hotloader/node_modules/dunder-proto/test/index.js",
				"sjui_tools/lib/hotloader/node_modules/dunder-proto/test/set.js",
				"sjui_tools/lib/hotloader/node_modules/dunder-proto/tsconfig.json",
				"sjui_tools/lib/hotloader/node_modules/ee-first/index.js",
				"sjui_tools/lib/hotloader/node_modules/ee-first/LICENSE",
				"sjui_tools/lib/hotloader/node_modules/ee-first/package.json",
				"sjui_tools/lib/hotloader/node_modules/ee-first/README.md",
				sjui_tools/lib/hotloader/node_modules/encodeurl/index.js,
				sjui_tools/lib/hotloader/node_modules/encodeurl/LICENSE,
				sjui_tools/lib/hotloader/node_modules/encodeurl/package.json,
				sjui_tools/lib/hotloader/node_modules/encodeurl/README.md,
				"sjui_tools/lib/hotloader/node_modules/es-define-property/.eslintrc",
				"sjui_tools/lib/hotloader/node_modules/es-define-property/.github/FUNDING.yml",
				"sjui_tools/lib/hotloader/node_modules/es-define-property/.nycrc",
				"sjui_tools/lib/hotloader/node_modules/es-define-property/CHANGELOG.md",
				"sjui_tools/lib/hotloader/node_modules/es-define-property/index.js",
				"sjui_tools/lib/hotloader/node_modules/es-define-property/LICENSE",
				"sjui_tools/lib/hotloader/node_modules/es-define-property/package.json",
				"sjui_tools/lib/hotloader/node_modules/es-define-property/README.md",
				"sjui_tools/lib/hotloader/node_modules/es-define-property/test/index.js",
				"sjui_tools/lib/hotloader/node_modules/es-define-property/tsconfig.json",
				"sjui_tools/lib/hotloader/node_modules/es-errors/.eslintrc",
				"sjui_tools/lib/hotloader/node_modules/es-errors/.github/FUNDING.yml",
				"sjui_tools/lib/hotloader/node_modules/es-errors/CHANGELOG.md",
				"sjui_tools/lib/hotloader/node_modules/es-errors/eval.js",
				"sjui_tools/lib/hotloader/node_modules/es-errors/index.js",
				"sjui_tools/lib/hotloader/node_modules/es-errors/LICENSE",
				"sjui_tools/lib/hotloader/node_modules/es-errors/package.json",
				"sjui_tools/lib/hotloader/node_modules/es-errors/range.js",
				"sjui_tools/lib/hotloader/node_modules/es-errors/README.md",
				"sjui_tools/lib/hotloader/node_modules/es-errors/ref.js",
				"sjui_tools/lib/hotloader/node_modules/es-errors/syntax.js",
				"sjui_tools/lib/hotloader/node_modules/es-errors/test/index.js",
				"sjui_tools/lib/hotloader/node_modules/es-errors/tsconfig.json",
				"sjui_tools/lib/hotloader/node_modules/es-errors/type.js",
				"sjui_tools/lib/hotloader/node_modules/es-errors/uri.js",
				"sjui_tools/lib/hotloader/node_modules/es-object-atoms/.eslintrc",
				"sjui_tools/lib/hotloader/node_modules/es-object-atoms/.github/FUNDING.yml",
				"sjui_tools/lib/hotloader/node_modules/es-object-atoms/CHANGELOG.md",
				"sjui_tools/lib/hotloader/node_modules/es-object-atoms/index.js",
				"sjui_tools/lib/hotloader/node_modules/es-object-atoms/isObject.js",
				"sjui_tools/lib/hotloader/node_modules/es-object-atoms/LICENSE",
				"sjui_tools/lib/hotloader/node_modules/es-object-atoms/package.json",
				"sjui_tools/lib/hotloader/node_modules/es-object-atoms/README.md",
				"sjui_tools/lib/hotloader/node_modules/es-object-atoms/RequireObjectCoercible.js",
				"sjui_tools/lib/hotloader/node_modules/es-object-atoms/test/index.js",
				"sjui_tools/lib/hotloader/node_modules/es-object-atoms/ToObject.js",
				"sjui_tools/lib/hotloader/node_modules/es-object-atoms/tsconfig.json",
				"sjui_tools/lib/hotloader/node_modules/escape-html/index.js",
				"sjui_tools/lib/hotloader/node_modules/escape-html/LICENSE",
				"sjui_tools/lib/hotloader/node_modules/escape-html/package.json",
				"sjui_tools/lib/hotloader/node_modules/escape-html/Readme.md",
				sjui_tools/lib/hotloader/node_modules/etag/HISTORY.md,
				sjui_tools/lib/hotloader/node_modules/etag/index.js,
				sjui_tools/lib/hotloader/node_modules/etag/LICENSE,
				sjui_tools/lib/hotloader/node_modules/etag/package.json,
				sjui_tools/lib/hotloader/node_modules/etag/README.md,
				sjui_tools/lib/hotloader/node_modules/express/History.md,
				sjui_tools/lib/hotloader/node_modules/express/index.js,
				sjui_tools/lib/hotloader/node_modules/express/lib/application.js,
				sjui_tools/lib/hotloader/node_modules/express/lib/express.js,
				sjui_tools/lib/hotloader/node_modules/express/lib/middleware/init.js,
				sjui_tools/lib/hotloader/node_modules/express/lib/middleware/query.js,
				sjui_tools/lib/hotloader/node_modules/express/lib/request.js,
				sjui_tools/lib/hotloader/node_modules/express/lib/response.js,
				sjui_tools/lib/hotloader/node_modules/express/lib/router/index.js,
				sjui_tools/lib/hotloader/node_modules/express/lib/router/layer.js,
				sjui_tools/lib/hotloader/node_modules/express/lib/router/route.js,
				sjui_tools/lib/hotloader/node_modules/express/lib/utils.js,
				sjui_tools/lib/hotloader/node_modules/express/lib/view.js,
				sjui_tools/lib/hotloader/node_modules/express/LICENSE,
				sjui_tools/lib/hotloader/node_modules/express/package.json,
				sjui_tools/lib/hotloader/node_modules/express/Readme.md,
				"sjui_tools/lib/hotloader/node_modules/fill-range/index.js",
				"sjui_tools/lib/hotloader/node_modules/fill-range/LICENSE",
				"sjui_tools/lib/hotloader/node_modules/fill-range/package.json",
				"sjui_tools/lib/hotloader/node_modules/fill-range/README.md",
				sjui_tools/lib/hotloader/node_modules/finalhandler/HISTORY.md,
				sjui_tools/lib/hotloader/node_modules/finalhandler/index.js,
				sjui_tools/lib/hotloader/node_modules/finalhandler/LICENSE,
				sjui_tools/lib/hotloader/node_modules/finalhandler/package.json,
				sjui_tools/lib/hotloader/node_modules/finalhandler/README.md,
				sjui_tools/lib/hotloader/node_modules/finalhandler/SECURITY.md,
				sjui_tools/lib/hotloader/node_modules/fresh/HISTORY.md,
				sjui_tools/lib/hotloader/node_modules/fresh/index.js,
				sjui_tools/lib/hotloader/node_modules/fresh/LICENSE,
				sjui_tools/lib/hotloader/node_modules/fresh/package.json,
				sjui_tools/lib/hotloader/node_modules/fresh/README.md,
				sjui_tools/lib/hotloader/node_modules/fsevents/fsevents.js,
				sjui_tools/lib/hotloader/node_modules/fsevents/fsevents.node,
				sjui_tools/lib/hotloader/node_modules/fsevents/LICENSE,
				sjui_tools/lib/hotloader/node_modules/fsevents/package.json,
				sjui_tools/lib/hotloader/node_modules/fsevents/README.md,
				"sjui_tools/lib/hotloader/node_modules/function-bind/.eslintrc",
				"sjui_tools/lib/hotloader/node_modules/function-bind/.github/FUNDING.yml",
				"sjui_tools/lib/hotloader/node_modules/function-bind/.github/SECURITY.md",
				"sjui_tools/lib/hotloader/node_modules/function-bind/.nycrc",
				"sjui_tools/lib/hotloader/node_modules/function-bind/CHANGELOG.md",
				"sjui_tools/lib/hotloader/node_modules/function-bind/implementation.js",
				"sjui_tools/lib/hotloader/node_modules/function-bind/index.js",
				"sjui_tools/lib/hotloader/node_modules/function-bind/LICENSE",
				"sjui_tools/lib/hotloader/node_modules/function-bind/package.json",
				"sjui_tools/lib/hotloader/node_modules/function-bind/README.md",
				"sjui_tools/lib/hotloader/node_modules/function-bind/test/.eslintrc",
				"sjui_tools/lib/hotloader/node_modules/function-bind/test/index.js",
				"sjui_tools/lib/hotloader/node_modules/get-intrinsic/.eslintrc",
				"sjui_tools/lib/hotloader/node_modules/get-intrinsic/.github/FUNDING.yml",
				"sjui_tools/lib/hotloader/node_modules/get-intrinsic/.nycrc",
				"sjui_tools/lib/hotloader/node_modules/get-intrinsic/CHANGELOG.md",
				"sjui_tools/lib/hotloader/node_modules/get-intrinsic/index.js",
				"sjui_tools/lib/hotloader/node_modules/get-intrinsic/LICENSE",
				"sjui_tools/lib/hotloader/node_modules/get-intrinsic/package.json",
				"sjui_tools/lib/hotloader/node_modules/get-intrinsic/README.md",
				"sjui_tools/lib/hotloader/node_modules/get-intrinsic/test/GetIntrinsic.js",
				"sjui_tools/lib/hotloader/node_modules/get-proto/.eslintrc",
				"sjui_tools/lib/hotloader/node_modules/get-proto/.github/FUNDING.yml",
				"sjui_tools/lib/hotloader/node_modules/get-proto/.nycrc",
				"sjui_tools/lib/hotloader/node_modules/get-proto/CHANGELOG.md",
				"sjui_tools/lib/hotloader/node_modules/get-proto/index.js",
				"sjui_tools/lib/hotloader/node_modules/get-proto/LICENSE",
				"sjui_tools/lib/hotloader/node_modules/get-proto/Object.getPrototypeOf.js",
				"sjui_tools/lib/hotloader/node_modules/get-proto/package.json",
				"sjui_tools/lib/hotloader/node_modules/get-proto/README.md",
				"sjui_tools/lib/hotloader/node_modules/get-proto/Reflect.getPrototypeOf.js",
				"sjui_tools/lib/hotloader/node_modules/get-proto/test/index.js",
				"sjui_tools/lib/hotloader/node_modules/get-proto/tsconfig.json",
				"sjui_tools/lib/hotloader/node_modules/glob-parent/CHANGELOG.md",
				"sjui_tools/lib/hotloader/node_modules/glob-parent/index.js",
				"sjui_tools/lib/hotloader/node_modules/glob-parent/LICENSE",
				"sjui_tools/lib/hotloader/node_modules/glob-parent/package.json",
				"sjui_tools/lib/hotloader/node_modules/glob-parent/README.md",
				sjui_tools/lib/hotloader/node_modules/gopd/.eslintrc,
				sjui_tools/lib/hotloader/node_modules/gopd/.github/FUNDING.yml,
				sjui_tools/lib/hotloader/node_modules/gopd/CHANGELOG.md,
				sjui_tools/lib/hotloader/node_modules/gopd/gOPD.js,
				sjui_tools/lib/hotloader/node_modules/gopd/index.js,
				sjui_tools/lib/hotloader/node_modules/gopd/LICENSE,
				sjui_tools/lib/hotloader/node_modules/gopd/package.json,
				sjui_tools/lib/hotloader/node_modules/gopd/README.md,
				sjui_tools/lib/hotloader/node_modules/gopd/test/index.js,
				sjui_tools/lib/hotloader/node_modules/gopd/tsconfig.json,
				"sjui_tools/lib/hotloader/node_modules/has-symbols/.eslintrc",
				"sjui_tools/lib/hotloader/node_modules/has-symbols/.github/FUNDING.yml",
				"sjui_tools/lib/hotloader/node_modules/has-symbols/.nycrc",
				"sjui_tools/lib/hotloader/node_modules/has-symbols/CHANGELOG.md",
				"sjui_tools/lib/hotloader/node_modules/has-symbols/index.js",
				"sjui_tools/lib/hotloader/node_modules/has-symbols/LICENSE",
				"sjui_tools/lib/hotloader/node_modules/has-symbols/package.json",
				"sjui_tools/lib/hotloader/node_modules/has-symbols/README.md",
				"sjui_tools/lib/hotloader/node_modules/has-symbols/shams.js",
				"sjui_tools/lib/hotloader/node_modules/has-symbols/test/index.js",
				"sjui_tools/lib/hotloader/node_modules/has-symbols/test/shams/core-js.js",
				"sjui_tools/lib/hotloader/node_modules/has-symbols/test/shams/get-own-property-symbols.js",
				"sjui_tools/lib/hotloader/node_modules/has-symbols/test/tests.js",
				"sjui_tools/lib/hotloader/node_modules/has-symbols/tsconfig.json",
				sjui_tools/lib/hotloader/node_modules/hasown/.eslintrc,
				sjui_tools/lib/hotloader/node_modules/hasown/.github/FUNDING.yml,
				sjui_tools/lib/hotloader/node_modules/hasown/.nycrc,
				sjui_tools/lib/hotloader/node_modules/hasown/CHANGELOG.md,
				sjui_tools/lib/hotloader/node_modules/hasown/index.js,
				sjui_tools/lib/hotloader/node_modules/hasown/LICENSE,
				sjui_tools/lib/hotloader/node_modules/hasown/package.json,
				sjui_tools/lib/hotloader/node_modules/hasown/README.md,
				sjui_tools/lib/hotloader/node_modules/hasown/tsconfig.json,
				"sjui_tools/lib/hotloader/node_modules/iconv-lite/Changelog.md",
				"sjui_tools/lib/hotloader/node_modules/iconv-lite/encodings/dbcs-codec.js",
				"sjui_tools/lib/hotloader/node_modules/iconv-lite/encodings/dbcs-data.js",
				"sjui_tools/lib/hotloader/node_modules/iconv-lite/encodings/index.js",
				"sjui_tools/lib/hotloader/node_modules/iconv-lite/encodings/internal.js",
				"sjui_tools/lib/hotloader/node_modules/iconv-lite/encodings/sbcs-codec.js",
				"sjui_tools/lib/hotloader/node_modules/iconv-lite/encodings/sbcs-data-generated.js",
				"sjui_tools/lib/hotloader/node_modules/iconv-lite/encodings/sbcs-data.js",
				"sjui_tools/lib/hotloader/node_modules/iconv-lite/encodings/tables/big5-added.json",
				"sjui_tools/lib/hotloader/node_modules/iconv-lite/encodings/tables/cp936.json",
				"sjui_tools/lib/hotloader/node_modules/iconv-lite/encodings/tables/cp949.json",
				"sjui_tools/lib/hotloader/node_modules/iconv-lite/encodings/tables/cp950.json",
				"sjui_tools/lib/hotloader/node_modules/iconv-lite/encodings/tables/eucjp.json",
				"sjui_tools/lib/hotloader/node_modules/iconv-lite/encodings/tables/gb18030-ranges.json",
				"sjui_tools/lib/hotloader/node_modules/iconv-lite/encodings/tables/gbk-added.json",
				"sjui_tools/lib/hotloader/node_modules/iconv-lite/encodings/tables/shiftjis.json",
				"sjui_tools/lib/hotloader/node_modules/iconv-lite/encodings/utf7.js",
				"sjui_tools/lib/hotloader/node_modules/iconv-lite/encodings/utf16.js",
				"sjui_tools/lib/hotloader/node_modules/iconv-lite/lib/bom-handling.js",
				"sjui_tools/lib/hotloader/node_modules/iconv-lite/lib/extend-node.js",
				"sjui_tools/lib/hotloader/node_modules/iconv-lite/lib/index.js",
				"sjui_tools/lib/hotloader/node_modules/iconv-lite/lib/streams.js",
				"sjui_tools/lib/hotloader/node_modules/iconv-lite/LICENSE",
				"sjui_tools/lib/hotloader/node_modules/iconv-lite/package.json",
				"sjui_tools/lib/hotloader/node_modules/iconv-lite/README.md",
				sjui_tools/lib/hotloader/node_modules/inherits/inherits_browser.js,
				sjui_tools/lib/hotloader/node_modules/inherits/inherits.js,
				sjui_tools/lib/hotloader/node_modules/inherits/LICENSE,
				sjui_tools/lib/hotloader/node_modules/inherits/package.json,
				sjui_tools/lib/hotloader/node_modules/inherits/README.md,
				sjui_tools/lib/hotloader/node_modules/ipaddr.js/ipaddr.min.js,
				sjui_tools/lib/hotloader/node_modules/ipaddr.js/lib/ipaddr.js,
				sjui_tools/lib/hotloader/node_modules/ipaddr.js/LICENSE,
				sjui_tools/lib/hotloader/node_modules/ipaddr.js/package.json,
				sjui_tools/lib/hotloader/node_modules/ipaddr.js/README.md,
				"sjui_tools/lib/hotloader/node_modules/is-binary-path/index.js",
				"sjui_tools/lib/hotloader/node_modules/is-binary-path/license",
				"sjui_tools/lib/hotloader/node_modules/is-binary-path/package.json",
				"sjui_tools/lib/hotloader/node_modules/is-binary-path/readme.md",
				"sjui_tools/lib/hotloader/node_modules/is-extglob/index.js",
				"sjui_tools/lib/hotloader/node_modules/is-extglob/LICENSE",
				"sjui_tools/lib/hotloader/node_modules/is-extglob/package.json",
				"sjui_tools/lib/hotloader/node_modules/is-extglob/README.md",
				"sjui_tools/lib/hotloader/node_modules/is-glob/index.js",
				"sjui_tools/lib/hotloader/node_modules/is-glob/LICENSE",
				"sjui_tools/lib/hotloader/node_modules/is-glob/package.json",
				"sjui_tools/lib/hotloader/node_modules/is-glob/README.md",
				"sjui_tools/lib/hotloader/node_modules/is-number/index.js",
				"sjui_tools/lib/hotloader/node_modules/is-number/LICENSE",
				"sjui_tools/lib/hotloader/node_modules/is-number/package.json",
				"sjui_tools/lib/hotloader/node_modules/is-number/README.md",
				"sjui_tools/lib/hotloader/node_modules/math-intrinsics/.eslintrc",
				"sjui_tools/lib/hotloader/node_modules/math-intrinsics/.github/FUNDING.yml",
				"sjui_tools/lib/hotloader/node_modules/math-intrinsics/abs.js",
				"sjui_tools/lib/hotloader/node_modules/math-intrinsics/CHANGELOG.md",
				"sjui_tools/lib/hotloader/node_modules/math-intrinsics/constants/maxArrayLength.js",
				"sjui_tools/lib/hotloader/node_modules/math-intrinsics/constants/maxSafeInteger.js",
				"sjui_tools/lib/hotloader/node_modules/math-intrinsics/constants/maxValue.js",
				"sjui_tools/lib/hotloader/node_modules/math-intrinsics/floor.js",
				"sjui_tools/lib/hotloader/node_modules/math-intrinsics/isFinite.js",
				"sjui_tools/lib/hotloader/node_modules/math-intrinsics/isInteger.js",
				"sjui_tools/lib/hotloader/node_modules/math-intrinsics/isNaN.js",
				"sjui_tools/lib/hotloader/node_modules/math-intrinsics/isNegativeZero.js",
				"sjui_tools/lib/hotloader/node_modules/math-intrinsics/LICENSE",
				"sjui_tools/lib/hotloader/node_modules/math-intrinsics/max.js",
				"sjui_tools/lib/hotloader/node_modules/math-intrinsics/min.js",
				"sjui_tools/lib/hotloader/node_modules/math-intrinsics/mod.js",
				"sjui_tools/lib/hotloader/node_modules/math-intrinsics/package.json",
				"sjui_tools/lib/hotloader/node_modules/math-intrinsics/pow.js",
				"sjui_tools/lib/hotloader/node_modules/math-intrinsics/README.md",
				"sjui_tools/lib/hotloader/node_modules/math-intrinsics/round.js",
				"sjui_tools/lib/hotloader/node_modules/math-intrinsics/sign.js",
				"sjui_tools/lib/hotloader/node_modules/math-intrinsics/test/index.js",
				"sjui_tools/lib/hotloader/node_modules/math-intrinsics/tsconfig.json",
				"sjui_tools/lib/hotloader/node_modules/media-typer/HISTORY.md",
				"sjui_tools/lib/hotloader/node_modules/media-typer/index.js",
				"sjui_tools/lib/hotloader/node_modules/media-typer/LICENSE",
				"sjui_tools/lib/hotloader/node_modules/media-typer/package.json",
				"sjui_tools/lib/hotloader/node_modules/media-typer/README.md",
				"sjui_tools/lib/hotloader/node_modules/merge-descriptors/HISTORY.md",
				"sjui_tools/lib/hotloader/node_modules/merge-descriptors/index.js",
				"sjui_tools/lib/hotloader/node_modules/merge-descriptors/LICENSE",
				"sjui_tools/lib/hotloader/node_modules/merge-descriptors/package.json",
				"sjui_tools/lib/hotloader/node_modules/merge-descriptors/README.md",
				sjui_tools/lib/hotloader/node_modules/methods/HISTORY.md,
				sjui_tools/lib/hotloader/node_modules/methods/index.js,
				sjui_tools/lib/hotloader/node_modules/methods/LICENSE,
				sjui_tools/lib/hotloader/node_modules/methods/package.json,
				sjui_tools/lib/hotloader/node_modules/methods/README.md,
				"sjui_tools/lib/hotloader/node_modules/mime-db/db.json",
				"sjui_tools/lib/hotloader/node_modules/mime-db/HISTORY.md",
				"sjui_tools/lib/hotloader/node_modules/mime-db/index.js",
				"sjui_tools/lib/hotloader/node_modules/mime-db/LICENSE",
				"sjui_tools/lib/hotloader/node_modules/mime-db/package.json",
				"sjui_tools/lib/hotloader/node_modules/mime-db/README.md",
				"sjui_tools/lib/hotloader/node_modules/mime-types/HISTORY.md",
				"sjui_tools/lib/hotloader/node_modules/mime-types/index.js",
				"sjui_tools/lib/hotloader/node_modules/mime-types/LICENSE",
				"sjui_tools/lib/hotloader/node_modules/mime-types/package.json",
				"sjui_tools/lib/hotloader/node_modules/mime-types/README.md",
				sjui_tools/lib/hotloader/node_modules/mime/.npmignore,
				sjui_tools/lib/hotloader/node_modules/mime/CHANGELOG.md,
				sjui_tools/lib/hotloader/node_modules/mime/cli.js,
				sjui_tools/lib/hotloader/node_modules/mime/LICENSE,
				sjui_tools/lib/hotloader/node_modules/mime/mime.js,
				sjui_tools/lib/hotloader/node_modules/mime/package.json,
				sjui_tools/lib/hotloader/node_modules/mime/README.md,
				sjui_tools/lib/hotloader/node_modules/mime/src/build.js,
				sjui_tools/lib/hotloader/node_modules/mime/src/test.js,
				sjui_tools/lib/hotloader/node_modules/mime/types.json,
				sjui_tools/lib/hotloader/node_modules/ms/index.js,
				sjui_tools/lib/hotloader/node_modules/ms/license.md,
				sjui_tools/lib/hotloader/node_modules/ms/package.json,
				sjui_tools/lib/hotloader/node_modules/ms/readme.md,
				"sjui_tools/lib/hotloader/node_modules/normalize-path/index.js",
				"sjui_tools/lib/hotloader/node_modules/normalize-path/LICENSE",
				"sjui_tools/lib/hotloader/node_modules/normalize-path/package.json",
				"sjui_tools/lib/hotloader/node_modules/normalize-path/README.md",
				"sjui_tools/lib/hotloader/node_modules/object-inspect/.eslintrc",
				"sjui_tools/lib/hotloader/node_modules/object-inspect/.github/FUNDING.yml",
				"sjui_tools/lib/hotloader/node_modules/object-inspect/.nycrc",
				"sjui_tools/lib/hotloader/node_modules/object-inspect/CHANGELOG.md",
				"sjui_tools/lib/hotloader/node_modules/object-inspect/example/all.js",
				"sjui_tools/lib/hotloader/node_modules/object-inspect/example/circular.js",
				"sjui_tools/lib/hotloader/node_modules/object-inspect/example/fn.js",
				"sjui_tools/lib/hotloader/node_modules/object-inspect/example/inspect.js",
				"sjui_tools/lib/hotloader/node_modules/object-inspect/index.js",
				"sjui_tools/lib/hotloader/node_modules/object-inspect/LICENSE",
				"sjui_tools/lib/hotloader/node_modules/object-inspect/package-support.json",
				"sjui_tools/lib/hotloader/node_modules/object-inspect/package.json",
				"sjui_tools/lib/hotloader/node_modules/object-inspect/readme.markdown",
				"sjui_tools/lib/hotloader/node_modules/object-inspect/test-core-js.js",
				"sjui_tools/lib/hotloader/node_modules/object-inspect/test/bigint.js",
				"sjui_tools/lib/hotloader/node_modules/object-inspect/test/browser/dom.js",
				"sjui_tools/lib/hotloader/node_modules/object-inspect/test/circular.js",
				"sjui_tools/lib/hotloader/node_modules/object-inspect/test/deep.js",
				"sjui_tools/lib/hotloader/node_modules/object-inspect/test/element.js",
				"sjui_tools/lib/hotloader/node_modules/object-inspect/test/err.js",
				"sjui_tools/lib/hotloader/node_modules/object-inspect/test/fakes.js",
				"sjui_tools/lib/hotloader/node_modules/object-inspect/test/fn.js",
				"sjui_tools/lib/hotloader/node_modules/object-inspect/test/global.js",
				"sjui_tools/lib/hotloader/node_modules/object-inspect/test/has.js",
				"sjui_tools/lib/hotloader/node_modules/object-inspect/test/holes.js",
				"sjui_tools/lib/hotloader/node_modules/object-inspect/test/indent-option.js",
				"sjui_tools/lib/hotloader/node_modules/object-inspect/test/inspect.js",
				"sjui_tools/lib/hotloader/node_modules/object-inspect/test/lowbyte.js",
				"sjui_tools/lib/hotloader/node_modules/object-inspect/test/number.js",
				"sjui_tools/lib/hotloader/node_modules/object-inspect/test/quoteStyle.js",
				"sjui_tools/lib/hotloader/node_modules/object-inspect/test/toStringTag.js",
				"sjui_tools/lib/hotloader/node_modules/object-inspect/test/undef.js",
				"sjui_tools/lib/hotloader/node_modules/object-inspect/test/values.js",
				"sjui_tools/lib/hotloader/node_modules/object-inspect/util.inspect.js",
				"sjui_tools/lib/hotloader/node_modules/on-finished/HISTORY.md",
				"sjui_tools/lib/hotloader/node_modules/on-finished/index.js",
				"sjui_tools/lib/hotloader/node_modules/on-finished/LICENSE",
				"sjui_tools/lib/hotloader/node_modules/on-finished/package.json",
				"sjui_tools/lib/hotloader/node_modules/on-finished/README.md",
				sjui_tools/lib/hotloader/node_modules/parseurl/HISTORY.md,
				sjui_tools/lib/hotloader/node_modules/parseurl/index.js,
				sjui_tools/lib/hotloader/node_modules/parseurl/LICENSE,
				sjui_tools/lib/hotloader/node_modules/parseurl/package.json,
				sjui_tools/lib/hotloader/node_modules/parseurl/README.md,
				"sjui_tools/lib/hotloader/node_modules/path-to-regexp/index.js",
				"sjui_tools/lib/hotloader/node_modules/path-to-regexp/LICENSE",
				"sjui_tools/lib/hotloader/node_modules/path-to-regexp/package.json",
				"sjui_tools/lib/hotloader/node_modules/path-to-regexp/Readme.md",
				sjui_tools/lib/hotloader/node_modules/picomatch/CHANGELOG.md,
				sjui_tools/lib/hotloader/node_modules/picomatch/index.js,
				sjui_tools/lib/hotloader/node_modules/picomatch/lib/constants.js,
				sjui_tools/lib/hotloader/node_modules/picomatch/lib/parse.js,
				sjui_tools/lib/hotloader/node_modules/picomatch/lib/picomatch.js,
				sjui_tools/lib/hotloader/node_modules/picomatch/lib/scan.js,
				sjui_tools/lib/hotloader/node_modules/picomatch/lib/utils.js,
				sjui_tools/lib/hotloader/node_modules/picomatch/LICENSE,
				sjui_tools/lib/hotloader/node_modules/picomatch/package.json,
				sjui_tools/lib/hotloader/node_modules/picomatch/README.md,
				"sjui_tools/lib/hotloader/node_modules/proxy-addr/HISTORY.md",
				"sjui_tools/lib/hotloader/node_modules/proxy-addr/index.js",
				"sjui_tools/lib/hotloader/node_modules/proxy-addr/LICENSE",
				"sjui_tools/lib/hotloader/node_modules/proxy-addr/package.json",
				"sjui_tools/lib/hotloader/node_modules/proxy-addr/README.md",
				sjui_tools/lib/hotloader/node_modules/qs/.editorconfig,
				sjui_tools/lib/hotloader/node_modules/qs/.eslintrc,
				sjui_tools/lib/hotloader/node_modules/qs/.github/FUNDING.yml,
				sjui_tools/lib/hotloader/node_modules/qs/.nycrc,
				sjui_tools/lib/hotloader/node_modules/qs/CHANGELOG.md,
				sjui_tools/lib/hotloader/node_modules/qs/dist/qs.js,
				sjui_tools/lib/hotloader/node_modules/qs/lib/formats.js,
				sjui_tools/lib/hotloader/node_modules/qs/lib/index.js,
				sjui_tools/lib/hotloader/node_modules/qs/lib/parse.js,
				sjui_tools/lib/hotloader/node_modules/qs/lib/stringify.js,
				sjui_tools/lib/hotloader/node_modules/qs/lib/utils.js,
				sjui_tools/lib/hotloader/node_modules/qs/LICENSE.md,
				sjui_tools/lib/hotloader/node_modules/qs/package.json,
				sjui_tools/lib/hotloader/node_modules/qs/README.md,
				"sjui_tools/lib/hotloader/node_modules/qs/test/empty-keys-cases.js",
				sjui_tools/lib/hotloader/node_modules/qs/test/parse.js,
				sjui_tools/lib/hotloader/node_modules/qs/test/stringify.js,
				sjui_tools/lib/hotloader/node_modules/qs/test/utils.js,
				"sjui_tools/lib/hotloader/node_modules/range-parser/HISTORY.md",
				"sjui_tools/lib/hotloader/node_modules/range-parser/index.js",
				"sjui_tools/lib/hotloader/node_modules/range-parser/LICENSE",
				"sjui_tools/lib/hotloader/node_modules/range-parser/package.json",
				"sjui_tools/lib/hotloader/node_modules/range-parser/README.md",
				"sjui_tools/lib/hotloader/node_modules/raw-body/HISTORY.md",
				"sjui_tools/lib/hotloader/node_modules/raw-body/index.js",
				"sjui_tools/lib/hotloader/node_modules/raw-body/LICENSE",
				"sjui_tools/lib/hotloader/node_modules/raw-body/package.json",
				"sjui_tools/lib/hotloader/node_modules/raw-body/README.md",
				"sjui_tools/lib/hotloader/node_modules/raw-body/SECURITY.md",
				sjui_tools/lib/hotloader/node_modules/readdirp/index.js,
				sjui_tools/lib/hotloader/node_modules/readdirp/LICENSE,
				sjui_tools/lib/hotloader/node_modules/readdirp/package.json,
				sjui_tools/lib/hotloader/node_modules/readdirp/README.md,
				"sjui_tools/lib/hotloader/node_modules/safe-buffer/index.js",
				"sjui_tools/lib/hotloader/node_modules/safe-buffer/LICENSE",
				"sjui_tools/lib/hotloader/node_modules/safe-buffer/package.json",
				"sjui_tools/lib/hotloader/node_modules/safe-buffer/README.md",
				"sjui_tools/lib/hotloader/node_modules/safer-buffer/dangerous.js",
				"sjui_tools/lib/hotloader/node_modules/safer-buffer/LICENSE",
				"sjui_tools/lib/hotloader/node_modules/safer-buffer/package.json",
				"sjui_tools/lib/hotloader/node_modules/safer-buffer/Porting-Buffer.md",
				"sjui_tools/lib/hotloader/node_modules/safer-buffer/Readme.md",
				"sjui_tools/lib/hotloader/node_modules/safer-buffer/safer.js",
				"sjui_tools/lib/hotloader/node_modules/safer-buffer/tests.js",
				sjui_tools/lib/hotloader/node_modules/send/HISTORY.md,
				sjui_tools/lib/hotloader/node_modules/send/index.js,
				sjui_tools/lib/hotloader/node_modules/send/LICENSE,
				sjui_tools/lib/hotloader/node_modules/send/node_modules/encodeurl/HISTORY.md,
				sjui_tools/lib/hotloader/node_modules/send/node_modules/encodeurl/index.js,
				sjui_tools/lib/hotloader/node_modules/send/node_modules/encodeurl/LICENSE,
				sjui_tools/lib/hotloader/node_modules/send/node_modules/encodeurl/package.json,
				sjui_tools/lib/hotloader/node_modules/send/node_modules/encodeurl/README.md,
				sjui_tools/lib/hotloader/node_modules/send/node_modules/ms/index.js,
				sjui_tools/lib/hotloader/node_modules/send/node_modules/ms/license.md,
				sjui_tools/lib/hotloader/node_modules/send/node_modules/ms/package.json,
				sjui_tools/lib/hotloader/node_modules/send/node_modules/ms/readme.md,
				sjui_tools/lib/hotloader/node_modules/send/package.json,
				sjui_tools/lib/hotloader/node_modules/send/README.md,
				sjui_tools/lib/hotloader/node_modules/send/SECURITY.md,
				"sjui_tools/lib/hotloader/node_modules/serve-static/HISTORY.md",
				"sjui_tools/lib/hotloader/node_modules/serve-static/index.js",
				"sjui_tools/lib/hotloader/node_modules/serve-static/LICENSE",
				"sjui_tools/lib/hotloader/node_modules/serve-static/package.json",
				"sjui_tools/lib/hotloader/node_modules/serve-static/README.md",
				sjui_tools/lib/hotloader/node_modules/setprototypeof/index.js,
				sjui_tools/lib/hotloader/node_modules/setprototypeof/LICENSE,
				sjui_tools/lib/hotloader/node_modules/setprototypeof/package.json,
				sjui_tools/lib/hotloader/node_modules/setprototypeof/README.md,
				sjui_tools/lib/hotloader/node_modules/setprototypeof/test/index.js,
				"sjui_tools/lib/hotloader/node_modules/side-channel-list/.editorconfig",
				"sjui_tools/lib/hotloader/node_modules/side-channel-list/.eslintrc",
				"sjui_tools/lib/hotloader/node_modules/side-channel-list/.github/FUNDING.yml",
				"sjui_tools/lib/hotloader/node_modules/side-channel-list/.nycrc",
				"sjui_tools/lib/hotloader/node_modules/side-channel-list/CHANGELOG.md",
				"sjui_tools/lib/hotloader/node_modules/side-channel-list/index.js",
				"sjui_tools/lib/hotloader/node_modules/side-channel-list/LICENSE",
				"sjui_tools/lib/hotloader/node_modules/side-channel-list/package.json",
				"sjui_tools/lib/hotloader/node_modules/side-channel-list/README.md",
				"sjui_tools/lib/hotloader/node_modules/side-channel-list/test/index.js",
				"sjui_tools/lib/hotloader/node_modules/side-channel-list/tsconfig.json",
				"sjui_tools/lib/hotloader/node_modules/side-channel-map/.editorconfig",
				"sjui_tools/lib/hotloader/node_modules/side-channel-map/.eslintrc",
				"sjui_tools/lib/hotloader/node_modules/side-channel-map/.github/FUNDING.yml",
				"sjui_tools/lib/hotloader/node_modules/side-channel-map/.nycrc",
				"sjui_tools/lib/hotloader/node_modules/side-channel-map/CHANGELOG.md",
				"sjui_tools/lib/hotloader/node_modules/side-channel-map/index.js",
				"sjui_tools/lib/hotloader/node_modules/side-channel-map/LICENSE",
				"sjui_tools/lib/hotloader/node_modules/side-channel-map/package.json",
				"sjui_tools/lib/hotloader/node_modules/side-channel-map/README.md",
				"sjui_tools/lib/hotloader/node_modules/side-channel-map/test/index.js",
				"sjui_tools/lib/hotloader/node_modules/side-channel-map/tsconfig.json",
				"sjui_tools/lib/hotloader/node_modules/side-channel-weakmap/.editorconfig",
				"sjui_tools/lib/hotloader/node_modules/side-channel-weakmap/.eslintrc",
				"sjui_tools/lib/hotloader/node_modules/side-channel-weakmap/.github/FUNDING.yml",
				"sjui_tools/lib/hotloader/node_modules/side-channel-weakmap/.nycrc",
				"sjui_tools/lib/hotloader/node_modules/side-channel-weakmap/CHANGELOG.md",
				"sjui_tools/lib/hotloader/node_modules/side-channel-weakmap/index.js",
				"sjui_tools/lib/hotloader/node_modules/side-channel-weakmap/LICENSE",
				"sjui_tools/lib/hotloader/node_modules/side-channel-weakmap/package.json",
				"sjui_tools/lib/hotloader/node_modules/side-channel-weakmap/README.md",
				"sjui_tools/lib/hotloader/node_modules/side-channel-weakmap/test/index.js",
				"sjui_tools/lib/hotloader/node_modules/side-channel-weakmap/tsconfig.json",
				"sjui_tools/lib/hotloader/node_modules/side-channel/.editorconfig",
				"sjui_tools/lib/hotloader/node_modules/side-channel/.eslintrc",
				"sjui_tools/lib/hotloader/node_modules/side-channel/.github/FUNDING.yml",
				"sjui_tools/lib/hotloader/node_modules/side-channel/.nycrc",
				"sjui_tools/lib/hotloader/node_modules/side-channel/CHANGELOG.md",
				"sjui_tools/lib/hotloader/node_modules/side-channel/index.js",
				"sjui_tools/lib/hotloader/node_modules/side-channel/LICENSE",
				"sjui_tools/lib/hotloader/node_modules/side-channel/package.json",
				"sjui_tools/lib/hotloader/node_modules/side-channel/README.md",
				"sjui_tools/lib/hotloader/node_modules/side-channel/test/index.js",
				"sjui_tools/lib/hotloader/node_modules/side-channel/tsconfig.json",
				sjui_tools/lib/hotloader/node_modules/statuses/codes.json,
				sjui_tools/lib/hotloader/node_modules/statuses/HISTORY.md,
				sjui_tools/lib/hotloader/node_modules/statuses/index.js,
				sjui_tools/lib/hotloader/node_modules/statuses/LICENSE,
				sjui_tools/lib/hotloader/node_modules/statuses/package.json,
				sjui_tools/lib/hotloader/node_modules/statuses/README.md,
				"sjui_tools/lib/hotloader/node_modules/to-regex-range/index.js",
				"sjui_tools/lib/hotloader/node_modules/to-regex-range/LICENSE",
				"sjui_tools/lib/hotloader/node_modules/to-regex-range/package.json",
				"sjui_tools/lib/hotloader/node_modules/to-regex-range/README.md",
				sjui_tools/lib/hotloader/node_modules/toidentifier/HISTORY.md,
				sjui_tools/lib/hotloader/node_modules/toidentifier/index.js,
				sjui_tools/lib/hotloader/node_modules/toidentifier/LICENSE,
				sjui_tools/lib/hotloader/node_modules/toidentifier/package.json,
				sjui_tools/lib/hotloader/node_modules/toidentifier/README.md,
				"sjui_tools/lib/hotloader/node_modules/type-is/HISTORY.md",
				"sjui_tools/lib/hotloader/node_modules/type-is/index.js",
				"sjui_tools/lib/hotloader/node_modules/type-is/LICENSE",
				"sjui_tools/lib/hotloader/node_modules/type-is/package.json",
				"sjui_tools/lib/hotloader/node_modules/type-is/README.md",
				sjui_tools/lib/hotloader/node_modules/unpipe/HISTORY.md,
				sjui_tools/lib/hotloader/node_modules/unpipe/index.js,
				sjui_tools/lib/hotloader/node_modules/unpipe/LICENSE,
				sjui_tools/lib/hotloader/node_modules/unpipe/package.json,
				sjui_tools/lib/hotloader/node_modules/unpipe/README.md,
				"sjui_tools/lib/hotloader/node_modules/utils-merge/.npmignore",
				"sjui_tools/lib/hotloader/node_modules/utils-merge/index.js",
				"sjui_tools/lib/hotloader/node_modules/utils-merge/LICENSE",
				"sjui_tools/lib/hotloader/node_modules/utils-merge/package.json",
				"sjui_tools/lib/hotloader/node_modules/utils-merge/README.md",
				sjui_tools/lib/hotloader/node_modules/vary/HISTORY.md,
				sjui_tools/lib/hotloader/node_modules/vary/index.js,
				sjui_tools/lib/hotloader/node_modules/vary/LICENSE,
				sjui_tools/lib/hotloader/node_modules/vary/package.json,
				sjui_tools/lib/hotloader/node_modules/vary/README.md,
				sjui_tools/lib/hotloader/node_modules/ws/browser.js,
				sjui_tools/lib/hotloader/node_modules/ws/index.js,
				"sjui_tools/lib/hotloader/node_modules/ws/lib/buffer-util.js",
				sjui_tools/lib/hotloader/node_modules/ws/lib/constants.js,
				"sjui_tools/lib/hotloader/node_modules/ws/lib/event-target.js",
				sjui_tools/lib/hotloader/node_modules/ws/lib/extension.js,
				sjui_tools/lib/hotloader/node_modules/ws/lib/limiter.js,
				"sjui_tools/lib/hotloader/node_modules/ws/lib/permessage-deflate.js",
				sjui_tools/lib/hotloader/node_modules/ws/lib/receiver.js,
				sjui_tools/lib/hotloader/node_modules/ws/lib/sender.js,
				sjui_tools/lib/hotloader/node_modules/ws/lib/stream.js,
				sjui_tools/lib/hotloader/node_modules/ws/lib/subprotocol.js,
				sjui_tools/lib/hotloader/node_modules/ws/lib/validation.js,
				"sjui_tools/lib/hotloader/node_modules/ws/lib/websocket-server.js",
				sjui_tools/lib/hotloader/node_modules/ws/lib/websocket.js,
				sjui_tools/lib/hotloader/node_modules/ws/LICENSE,
				sjui_tools/lib/hotloader/node_modules/ws/package.json,
				sjui_tools/lib/hotloader/node_modules/ws/README.md,
				sjui_tools/lib/hotloader/node_modules/ws/wrapper.mjs,
				"sjui_tools/lib/hotloader/package-lock.json",
				sjui_tools/lib/hotloader/package.json,
				sjui_tools/lib/hotloader/server.js,
				sjui_tools/lib/swiftui/action_manager.rb,
				sjui_tools/lib/swiftui/binding/binding_handler_registry.rb,
				sjui_tools/lib/swiftui/binding/handlers/button_binding_handler.rb,
				sjui_tools/lib/swiftui/binding/handlers/image_binding_handler.rb,
				sjui_tools/lib/swiftui/binding/handlers/label_binding_handler.rb,
				sjui_tools/lib/swiftui/binding/handlers/text_field_binding_handler.rb,
				sjui_tools/lib/swiftui/binding/handlers/toggle_binding_handler.rb,
				sjui_tools/lib/swiftui/binding/view_binding_handler.rb,
				sjui_tools/lib/swiftui/converter_factory.rb,
				sjui_tools/lib/swiftui/data_model_updater.rb,
				sjui_tools/lib/swiftui/generators/collection_generator.rb,
				sjui_tools/lib/swiftui/generators/view_generator.rb,
				sjui_tools/lib/swiftui/json_to_swiftui_converter.rb,
				sjui_tools/lib/swiftui/setup/hotloader_generator.rb,
				sjui_tools/lib/swiftui/setup/swiftui_setup.rb,
				sjui_tools/lib/swiftui/view_registry.rb,
				sjui_tools/lib/swiftui/view_updater.rb,
				sjui_tools/lib/swiftui/views/alignment_helper.rb,
				sjui_tools/lib/swiftui/views/alignment_wrapper_helper.rb,
				sjui_tools/lib/swiftui/views/base_view_converter.rb,
				sjui_tools/lib/swiftui/views/blur_converter.rb,
				sjui_tools/lib/swiftui/views/button_converter.rb,
				sjui_tools/lib/swiftui/views/child_renderer.rb,
				sjui_tools/lib/swiftui/views/child_rendering_helper.rb,
				sjui_tools/lib/swiftui/views/collection_converter.rb,
				sjui_tools/lib/swiftui/views/color_helper.rb,
				sjui_tools/lib/swiftui/views/dynamic_component_converter.rb,
				sjui_tools/lib/swiftui/views/frame_helper.rb,
				sjui_tools/lib/swiftui/views/gradient_view_converter.rb,
				sjui_tools/lib/swiftui/views/icon_label_converter.rb,
				sjui_tools/lib/swiftui/views/image_converter.rb,
				sjui_tools/lib/swiftui/views/include_converter.rb,
				sjui_tools/lib/swiftui/views/indicator_converter.rb,
				sjui_tools/lib/swiftui/views/label_converter.rb,
				sjui_tools/lib/swiftui/views/modifier_helper.rb,
				sjui_tools/lib/swiftui/views/network_image_converter.rb,
				sjui_tools/lib/swiftui/views/positioning_helper.rb,
				sjui_tools/lib/swiftui/views/progress_converter.rb,
				sjui_tools/lib/swiftui/views/radio_converter.rb,
				sjui_tools/lib/swiftui/views/relative_positioning_helper.rb,
				sjui_tools/lib/swiftui/views/scrollview_converter.rb,
				sjui_tools/lib/swiftui/views/segment_converter.rb,
				sjui_tools/lib/swiftui/views/selectbox_converter.rb,
				sjui_tools/lib/swiftui/views/slider_converter.rb,
				sjui_tools/lib/swiftui/views/spacing_helper.rb,
				sjui_tools/lib/swiftui/views/stack_alignment_helper.rb,
				sjui_tools/lib/swiftui/views/tab_view_converter.rb,
				sjui_tools/lib/swiftui/views/table_converter.rb,
				sjui_tools/lib/swiftui/views/template_helper.rb,
				sjui_tools/lib/swiftui/views/textfield_converter.rb,
				sjui_tools/lib/swiftui/views/textview_converter.rb,
				sjui_tools/lib/swiftui/views/toggle_converter.rb,
				sjui_tools/lib/swiftui/views/view_converter.rb,
				sjui_tools/lib/swiftui/views/visibility_helper.rb,
				sjui_tools/lib/swiftui/views/web_converter.rb,
				sjui_tools/lib/swiftui/views/weighted_stack_helper.rb,
				sjui_tools/lib/uikit/binding_file_manager.rb,
				sjui_tools/lib/uikit/build_cache_manager.rb,
				sjui_tools/lib/uikit/handlers/button_binding_handler.rb,
				sjui_tools/lib/uikit/handlers/check_binding_handler.rb,
				sjui_tools/lib/uikit/handlers/icon_label_binding_handler.rb,
				sjui_tools/lib/uikit/handlers/image_binding_handler.rb,
				sjui_tools/lib/uikit/handlers/label_binding_handler.rb,
				sjui_tools/lib/uikit/handlers/network_image_binding_handler.rb,
				sjui_tools/lib/uikit/handlers/radio_binding_handler.rb,
				sjui_tools/lib/uikit/handlers/scroll_binding_handler.rb,
				sjui_tools/lib/uikit/handlers/select_box_binding_handler.rb,
				sjui_tools/lib/uikit/handlers/switch_binding_handler.rb,
				sjui_tools/lib/uikit/handlers/text_field_binding_handler.rb,
				sjui_tools/lib/uikit/handlers/text_view_binding_handler.rb,
				sjui_tools/lib/uikit/import_module_manager.rb,
				sjui_tools/lib/uikit/json_analyzer.rb,
				sjui_tools/lib/uikit/json_loader_config.rb,
				sjui_tools/lib/uikit/json_loader.rb,
				sjui_tools/lib/uikit/string_module.rb,
				sjui_tools/lib/uikit/tools/cleanup_duplicate_references.rb,
				sjui_tools/lib/uikit/tools/convert_to_group_reference.rb,
				sjui_tools/lib/uikit/ui_control_event_manager.rb,
				sjui_tools/lib/uikit/view_binding_handler_factory.rb,
				sjui_tools/lib/uikit/view_binding_handler.rb,
				sjui_tools/lib/uikit/xcode_project/cleanup_references.rb,
				sjui_tools/lib/uikit/xcode_project/destroyers/binding_destroyer.rb,
				sjui_tools/lib/uikit/xcode_project/destroyers/destroyer.rb,
				sjui_tools/lib/uikit/xcode_project/destroyers/view_destroyer.rb,
				sjui_tools/lib/uikit/xcode_project/generators/base_binding_generator.rb,
				sjui_tools/lib/uikit/xcode_project/generators/base_collection_view_cell_generator.rb,
				sjui_tools/lib/uikit/xcode_project/generators/base_generator.rb,
				sjui_tools/lib/uikit/xcode_project/generators/base_view_controller_generator.rb,
				sjui_tools/lib/uikit/xcode_project/generators/collection_generator.rb,
				sjui_tools/lib/uikit/xcode_project/generators/partial_generator.rb,
				sjui_tools/lib/uikit/xcode_project/generators/ui_view_creator_generator.rb,
				sjui_tools/lib/uikit/xcode_project/generators/view_generator.rb,
				sjui_tools/lib/uikit/xcode_project/setup/app_delegate_setup.rb,
				sjui_tools/lib/uikit/xcode_project/setup/directory_setup.rb,
				sjui_tools/lib/uikit/xcode_project/setup/setup.rb,
				sjui_tools/MODE,
				sjui_tools/README.md,
				sjui_tools/scripts/cleanup_xcode_project.rb,
				sjui_tools/scripts/hotload_build_phase.sh,
				sjui_tools/scripts/ip_monitor.log,
				sjui_tools/scripts/ip_monitor.sh,
				sjui_tools/scripts/README.md,
				sjui_tools/VERSION,
			);
			target = B62F75132E4049C500D73687 /* swiftUITestApp */;
		};
/* End PBXFileSystemSynchronizedBuildFileExceptionSet section */

/* Begin PBXFileSystemSynchronizedRootGroup section */
		B62F75162E4049C500D73687 /* swiftUITestApp */ = {
			isa = PBXFileSystemSynchronizedRootGroup;
			exceptions = (
				5848DCE6744DE0E4236374C4 /* Exceptions for "swiftUITestApp" folder in "swiftUITestApp" target */,
			);
			explicitFolders = (
				sjui_tools/lib/hotloader/node_modules/accepts,
				"sjui_tools/lib/hotloader/node_modules/cookie-signature",
				sjui_tools/lib/hotloader/node_modules/forwarded,
				"sjui_tools/lib/hotloader/node_modules/http-errors",
				sjui_tools/lib/hotloader/node_modules/negotiator,
			);
			path = swiftUITestApp;
			sourceTree = "<group>";
		};
		B62F75292E4049C800D73687 /* swiftUITestAppTests */ = {
			isa = PBXFileSystemSynchronizedRootGroup;
			path = swiftUITestAppTests;
			sourceTree = "<group>";
		};
		B62F75332E4049C800D73687 /* swiftUITestAppUITests */ = {
			isa = PBXFileSystemSynchronizedRootGroup;
			path = swiftUITestAppUITests;
			sourceTree = "<group>";
		};
/* End PBXFileSystemSynchronizedRootGroup section */

/* Begin PBXFrameworksBuildPhase section */
		B62F75112E4049C500D73687 /* Frameworks */ = {
			isa = PBXFrameworksBuildPhase;
			buildActionMask = 2147483647;
			files = (
				E6854003DD3CACD7FBB927CB /* SwiftJsonUI in Frameworks */,
				805A4E5DB9658D7C4C7F9C42 /* SimpleApiNetwork in Frameworks */,
			);
			runOnlyForDeploymentPostprocessing = 0;
		};
		B62F75232E4049C800D73687 /* Frameworks */ = {
			isa = PBXFrameworksBuildPhase;
			buildActionMask = 2147483647;
			files = (
			);
			runOnlyForDeploymentPostprocessing = 0;
		};
		B62F752D2E4049C800D73687 /* Frameworks */ = {
			isa = PBXFrameworksBuildPhase;
			buildActionMask = 2147483647;
			files = (
			);
			runOnlyForDeploymentPostprocessing = 0;
		};
/* End PBXFrameworksBuildPhase section */

/* Begin PBXGroup section */
		B62F750B2E4049C500D73687 = {
			isa = PBXGroup;
			children = (
				B62F75162E4049C500D73687 /* swiftUITestApp */,
				B62F75292E4049C800D73687 /* swiftUITestAppTests */,
				B62F75332E4049C800D73687 /* swiftUITestAppUITests */,
				B62F758C2E4059AA00D73687 /* Frameworks */,
				B62F75152E4049C500D73687 /* Products */,
				5D4A910801624FA3D1F866CB /* HotLoaderSetup.swift */,
			);
			sourceTree = "<group>";
		};
		B62F75152E4049C500D73687 /* Products */ = {
			isa = PBXGroup;
			children = (
				B62F75142E4049C500D73687 /* swiftUITestApp.app */,
				B62F75262E4049C800D73687 /* swiftUITestAppTests.xctest */,
				B62F75302E4049C800D73687 /* swiftUITestAppUITests.xctest */,
			);
			name = Products;
			sourceTree = "<group>";
		};
		B62F758C2E4059AA00D73687 /* Frameworks */ = {
			isa = PBXGroup;
			children = (
			);
			name = Frameworks;
			sourceTree = "<group>";
		};
/* End PBXGroup section */

/* Begin PBXNativeTarget section */
		B62F75132E4049C500D73687 /* swiftUITestApp */ = {
			isa = PBXNativeTarget;
			buildConfigurationList = B62F753A2E4049C800D73687 /* Build configuration list for PBXNativeTarget "swiftUITestApp" */;
			buildPhases = (
				B62F75102E4049C500D73687 /* Sources */,
				B62F75112E4049C500D73687 /* Frameworks */,
				B62F75122E4049C500D73687 /* Resources */,
			);
			buildRules = (
			);
			dependencies = (
			);
			fileSystemSynchronizedGroups = (
				B62F75162E4049C500D73687 /* swiftUITestApp */,
			);
			name = swiftUITestApp;
			packageProductDependencies = (
				1AE69B5B48C570AAA993027A /* SwiftJsonUI */,
				FAF51D5FC68EAA6615F9BA4E /* SimpleApiNetwork */,
			);
			productName = swiftUITestApp;
			productReference = B62F75142E4049C500D73687 /* swiftUITestApp.app */;
			productType = "com.apple.product-type.application";
		};
		B62F75252E4049C800D73687 /* swiftUITestAppTests */ = {
			isa = PBXNativeTarget;
			buildConfigurationList = B62F753D2E4049C800D73687 /* Build configuration list for PBXNativeTarget "swiftUITestAppTests" */;
			buildPhases = (
				B62F75222E4049C800D73687 /* Sources */,
				B62F75232E4049C800D73687 /* Frameworks */,
				B62F75242E4049C800D73687 /* Resources */,
			);
			buildRules = (
			);
			dependencies = (
				B62F75282E4049C800D73687 /* PBXTargetDependency */,
			);
			fileSystemSynchronizedGroups = (
				B62F75292E4049C800D73687 /* swiftUITestAppTests */,
			);
			name = swiftUITestAppTests;
			productName = swiftUITestAppTests;
			productReference = B62F75262E4049C800D73687 /* swiftUITestAppTests.xctest */;
			productType = "com.apple.product-type.bundle.unit-test";
		};
		B62F752F2E4049C800D73687 /* swiftUITestAppUITests */ = {
			isa = PBXNativeTarget;
			buildConfigurationList = B62F75402E4049C800D73687 /* Build configuration list for PBXNativeTarget "swiftUITestAppUITests" */;
			buildPhases = (
				B62F752C2E4049C800D73687 /* Sources */,
				B62F752D2E4049C800D73687 /* Frameworks */,
				B62F752E2E4049C800D73687 /* Resources */,
			);
			buildRules = (
			);
			dependencies = (
				B62F75322E4049C800D73687 /* PBXTargetDependency */,
			);
			fileSystemSynchronizedGroups = (
				B62F75332E4049C800D73687 /* swiftUITestAppUITests */,
			);
			name = swiftUITestAppUITests;
			productName = swiftUITestAppUITests;
			productReference = B62F75302E4049C800D73687 /* swiftUITestAppUITests.xctest */;
			productType = "com.apple.product-type.bundle.ui-testing";
		};
/* End PBXNativeTarget section */

/* Begin PBXProject section */
		B62F750C2E4049C500D73687 /* Project object */ = {
			isa = PBXProject;
			attributes = {
				BuildIndependentTargetsInParallel = 1;
				LastSwiftUpdateCheck = 2600;
				LastUpgradeCheck = 2600;
				TargetAttributes = {
					B62F75132E4049C500D73687 = {
						CreatedOnToolsVersion = 26.0;
					};
					B62F75252E4049C800D73687 = {
						CreatedOnToolsVersion = 26.0;
						TestTargetID = B62F75132E4049C500D73687;
					};
					B62F752F2E4049C800D73687 = {
						CreatedOnToolsVersion = 26.0;
						TestTargetID = B62F75132E4049C500D73687;
					};
				};
			};
			buildConfigurationList = B62F750F2E4049C500D73687 /* Build configuration list for PBXProject "swiftUITestApp" */;
			developmentRegion = en;
			hasScannedForEncodings = 0;
			knownRegions = (
				en,
				Base,
			);
			mainGroup = B62F750B2E4049C500D73687;
			minimizedProjectReferenceProxies = 1;
			packageReferences = (
				6261DB863B866C86D314250A /* XCRemoteSwiftPackageReference "SwiftJsonUI" */,
				00427DB1CC751BE62BE33E92 /* XCRemoteSwiftPackageReference "SimpleApiNetwork" */,
			);
			preferredProjectObjectVersion = 77;
			productRefGroup = B62F75152E4049C500D73687 /* Products */;
			projectDirPath = "";
			projectRoot = "";
			targets = (
				B62F75132E4049C500D73687 /* swiftUITestApp */,
				B62F75252E4049C800D73687 /* swiftUITestAppTests */,
				B62F752F2E4049C800D73687 /* swiftUITestAppUITests */,
			);
		};
/* End PBXProject section */

/* Begin PBXResourcesBuildPhase section */
		B62F75122E4049C500D73687 /* Resources */ = {
			isa = PBXResourcesBuildPhase;
			buildActionMask = 2147483647;
			files = (
			);
			runOnlyForDeploymentPostprocessing = 0;
		};
		B62F75242E4049C800D73687 /* Resources */ = {
			isa = PBXResourcesBuildPhase;
			buildActionMask = 2147483647;
			files = (
			);
			runOnlyForDeploymentPostprocessing = 0;
		};
		B62F752E2E4049C800D73687 /* Resources */ = {
			isa = PBXResourcesBuildPhase;
			buildActionMask = 2147483647;
			files = (
			);
			runOnlyForDeploymentPostprocessing = 0;
		};
/* End PBXResourcesBuildPhase section */

/* Begin PBXSourcesBuildPhase section */
		B62F75102E4049C500D73687 /* Sources */ = {
			isa = PBXSourcesBuildPhase;
			buildActionMask = 2147483647;
			files = (
				A82522ADD656A33BB801C897 /* HotLoaderSetup.swift in Sources */,
			);
			runOnlyForDeploymentPostprocessing = 0;
		};
		B62F75222E4049C800D73687 /* Sources */ = {
			isa = PBXSourcesBuildPhase;
			buildActionMask = 2147483647;
			files = (
			);
			runOnlyForDeploymentPostprocessing = 0;
		};
		B62F752C2E4049C800D73687 /* Sources */ = {
			isa = PBXSourcesBuildPhase;
			buildActionMask = 2147483647;
			files = (
			);
			runOnlyForDeploymentPostprocessing = 0;
		};
/* End PBXSourcesBuildPhase section */

/* Begin PBXTargetDependency section */
		B62F75282E4049C800D73687 /* PBXTargetDependency */ = {
			isa = PBXTargetDependency;
			target = B62F75132E4049C500D73687 /* swiftUITestApp */;
			targetProxy = B62F75272E4049C800D73687 /* PBXContainerItemProxy */;
		};
		B62F75322E4049C800D73687 /* PBXTargetDependency */ = {
			isa = PBXTargetDependency;
			target = B62F75132E4049C500D73687 /* swiftUITestApp */;
			targetProxy = B62F75312E4049C800D73687 /* PBXContainerItemProxy */;
		};
/* End PBXTargetDependency section */

/* Begin XCBuildConfiguration section */
		B62F75382E4049C800D73687 /* Debug */ = {
			isa = XCBuildConfiguration;
			buildSettings = {
				ALWAYS_SEARCH_USER_PATHS = NO;
				ASSETCATALOG_COMPILER_GENERATE_SWIFT_ASSET_SYMBOL_EXTENSIONS = YES;
				CLANG_ANALYZER_NONNULL = YES;
				CLANG_ANALYZER_NUMBER_OBJECT_CONVERSION = YES_AGGRESSIVE;
				CLANG_CXX_LANGUAGE_STANDARD = "gnu++20";
				CLANG_ENABLE_MODULES = YES;
				CLANG_ENABLE_OBJC_ARC = YES;
				CLANG_ENABLE_OBJC_WEAK = YES;
				CLANG_WARN_BLOCK_CAPTURE_AUTORELEASING = YES;
				CLANG_WARN_BOOL_CONVERSION = YES;
				CLANG_WARN_COMMA = YES;
				CLANG_WARN_CONSTANT_CONVERSION = YES;
				CLANG_WARN_DEPRECATED_OBJC_IMPLEMENTATIONS = YES;
				CLANG_WARN_DIRECT_OBJC_ISA_USAGE = YES_ERROR;
				CLANG_WARN_DOCUMENTATION_COMMENTS = YES;
				CLANG_WARN_EMPTY_BODY = YES;
				CLANG_WARN_ENUM_CONVERSION = YES;
				CLANG_WARN_INFINITE_RECURSION = YES;
				CLANG_WARN_INT_CONVERSION = YES;
				CLANG_WARN_NON_LITERAL_NULL_CONVERSION = YES;
				CLANG_WARN_OBJC_IMPLICIT_RETAIN_SELF = YES;
				CLANG_WARN_OBJC_LITERAL_CONVERSION = YES;
				CLANG_WARN_OBJC_ROOT_CLASS = YES_ERROR;
				CLANG_WARN_QUOTED_INCLUDE_IN_FRAMEWORK_HEADER = YES;
				CLANG_WARN_RANGE_LOOP_ANALYSIS = YES;
				CLANG_WARN_STRICT_PROTOTYPES = YES;
				CLANG_WARN_SUSPICIOUS_MOVE = YES;
				CLANG_WARN_UNGUARDED_AVAILABILITY = YES_AGGRESSIVE;
				CLANG_WARN_UNREACHABLE_CODE = YES;
				CLANG_WARN__DUPLICATE_METHOD_MATCH = YES;
				COPY_PHASE_STRIP = NO;
				DEBUG_INFORMATION_FORMAT = dwarf;
				DEVELOPMENT_TEAM = CM4R345HVW;
				ENABLE_STRICT_OBJC_MSGSEND = YES;
				ENABLE_TESTABILITY = YES;
				ENABLE_USER_SCRIPT_SANDBOXING = YES;
				GCC_C_LANGUAGE_STANDARD = gnu17;
				GCC_DYNAMIC_NO_PIC = NO;
				GCC_NO_COMMON_BLOCKS = YES;
				GCC_OPTIMIZATION_LEVEL = 0;
				GCC_PREPROCESSOR_DEFINITIONS = (
					"DEBUG=1",
					"$(inherited)",
				);
				GCC_WARN_64_TO_32_BIT_CONVERSION = YES;
				GCC_WARN_ABOUT_RETURN_TYPE = YES_ERROR;
				GCC_WARN_UNDECLARED_SELECTOR = YES;
				GCC_WARN_UNINITIALIZED_AUTOS = YES_AGGRESSIVE;
				GCC_WARN_UNUSED_FUNCTION = YES;
				GCC_WARN_UNUSED_VARIABLE = YES;
				IPHONEOS_DEPLOYMENT_TARGET = 26.0;
				LOCALIZATION_PREFERS_STRING_CATALOGS = YES;
				MTL_ENABLE_DEBUG_INFO = INCLUDE_SOURCE;
				MTL_FAST_MATH = YES;
				ONLY_ACTIVE_ARCH = YES;
				SDKROOT = iphoneos;
				SWIFT_ACTIVE_COMPILATION_CONDITIONS = "DEBUG $(inherited)";
				SWIFT_OPTIMIZATION_LEVEL = "-Onone";
			};
			name = Debug;
		};
		B62F75392E4049C800D73687 /* Release */ = {
			isa = XCBuildConfiguration;
			buildSettings = {
				ALWAYS_SEARCH_USER_PATHS = NO;
				ASSETCATALOG_COMPILER_GENERATE_SWIFT_ASSET_SYMBOL_EXTENSIONS = YES;
				CLANG_ANALYZER_NONNULL = YES;
				CLANG_ANALYZER_NUMBER_OBJECT_CONVERSION = YES_AGGRESSIVE;
				CLANG_CXX_LANGUAGE_STANDARD = "gnu++20";
				CLANG_ENABLE_MODULES = YES;
				CLANG_ENABLE_OBJC_ARC = YES;
				CLANG_ENABLE_OBJC_WEAK = YES;
				CLANG_WARN_BLOCK_CAPTURE_AUTORELEASING = YES;
				CLANG_WARN_BOOL_CONVERSION = YES;
				CLANG_WARN_COMMA = YES;
				CLANG_WARN_CONSTANT_CONVERSION = YES;
				CLANG_WARN_DEPRECATED_OBJC_IMPLEMENTATIONS = YES;
				CLANG_WARN_DIRECT_OBJC_ISA_USAGE = YES_ERROR;
				CLANG_WARN_DOCUMENTATION_COMMENTS = YES;
				CLANG_WARN_EMPTY_BODY = YES;
				CLANG_WARN_ENUM_CONVERSION = YES;
				CLANG_WARN_INFINITE_RECURSION = YES;
				CLANG_WARN_INT_CONVERSION = YES;
				CLANG_WARN_NON_LITERAL_NULL_CONVERSION = YES;
				CLANG_WARN_OBJC_IMPLICIT_RETAIN_SELF = YES;
				CLANG_WARN_OBJC_LITERAL_CONVERSION = YES;
				CLANG_WARN_OBJC_ROOT_CLASS = YES_ERROR;
				CLANG_WARN_QUOTED_INCLUDE_IN_FRAMEWORK_HEADER = YES;
				CLANG_WARN_RANGE_LOOP_ANALYSIS = YES;
				CLANG_WARN_STRICT_PROTOTYPES = YES;
				CLANG_WARN_SUSPICIOUS_MOVE = YES;
				CLANG_WARN_UNGUARDED_AVAILABILITY = YES_AGGRESSIVE;
				CLANG_WARN_UNREACHABLE_CODE = YES;
				CLANG_WARN__DUPLICATE_METHOD_MATCH = YES;
				COPY_PHASE_STRIP = NO;
				DEBUG_INFORMATION_FORMAT = "dwarf-with-dsym";
				DEVELOPMENT_TEAM = CM4R345HVW;
				ENABLE_NS_ASSERTIONS = NO;
				ENABLE_STRICT_OBJC_MSGSEND = YES;
				ENABLE_USER_SCRIPT_SANDBOXING = YES;
				GCC_C_LANGUAGE_STANDARD = gnu17;
				GCC_NO_COMMON_BLOCKS = YES;
				GCC_WARN_64_TO_32_BIT_CONVERSION = YES;
				GCC_WARN_ABOUT_RETURN_TYPE = YES_ERROR;
				GCC_WARN_UNDECLARED_SELECTOR = YES;
				GCC_WARN_UNINITIALIZED_AUTOS = YES_AGGRESSIVE;
				GCC_WARN_UNUSED_FUNCTION = YES;
				GCC_WARN_UNUSED_VARIABLE = YES;
				IPHONEOS_DEPLOYMENT_TARGET = 26.0;
				LOCALIZATION_PREFERS_STRING_CATALOGS = YES;
				MTL_ENABLE_DEBUG_INFO = NO;
				MTL_FAST_MATH = YES;
				SDKROOT = iphoneos;
				SWIFT_COMPILATION_MODE = wholemodule;
				VALIDATE_PRODUCT = YES;
			};
			name = Release;
		};
		B62F753B2E4049C800D73687 /* Debug */ = {
			isa = XCBuildConfiguration;
			buildSettings = {
				ASSETCATALOG_COMPILER_APPICON_NAME = AppIcon;
				ASSETCATALOG_COMPILER_GLOBAL_ACCENT_COLOR_NAME = AccentColor;
				CODE_SIGN_STYLE = Automatic;
				CURRENT_PROJECT_VERSION = 1;
				DEVELOPMENT_TEAM = CM4R345HVW;
				ENABLE_PREVIEWS = YES;
				GENERATE_INFOPLIST_FILE = YES;
				INFOPLIST_KEY_UIApplicationSceneManifest_Generation = YES;
				INFOPLIST_KEY_UIApplicationSupportsIndirectInputEvents = YES;
				INFOPLIST_KEY_UILaunchScreen_Generation = YES;
				INFOPLIST_KEY_UISupportedInterfaceOrientations_iPad = "UIInterfaceOrientationPortrait UIInterfaceOrientationPortraitUpsideDown UIInterfaceOrientationLandscapeLeft UIInterfaceOrientationLandscapeRight";
				INFOPLIST_KEY_UISupportedInterfaceOrientations_iPhone = "UIInterfaceOrientationPortrait UIInterfaceOrientationLandscapeLeft UIInterfaceOrientationLandscapeRight";
				IPHONEOS_DEPLOYMENT_TARGET = 18.0;
				LD_RUNPATH_SEARCH_PATHS = (
					"$(inherited)",
					"@executable_path/Frameworks",
				);
				MARKETING_VERSION = 1.0;
				PRODUCT_BUNDLE_IDENTIFIER = com.tanosys.swiftUITestApp;
				PRODUCT_NAME = "$(TARGET_NAME)";
				STRING_CATALOG_GENERATE_SYMBOLS = YES;
				SWIFT_APPROACHABLE_CONCURRENCY = YES;
				SWIFT_DEFAULT_ACTOR_ISOLATION = MainActor;
				SWIFT_EMIT_LOC_STRINGS = YES;
				SWIFT_UPCOMING_FEATURE_MEMBER_IMPORT_VISIBILITY = YES;
				SWIFT_VERSION = 5.0;
				TARGETED_DEVICE_FAMILY = "1,2";
			};
			name = Debug;
		};
		B62F753C2E4049C800D73687 /* Release */ = {
			isa = XCBuildConfiguration;
			buildSettings = {
				ASSETCATALOG_COMPILER_APPICON_NAME = AppIcon;
				ASSETCATALOG_COMPILER_GLOBAL_ACCENT_COLOR_NAME = AccentColor;
				CODE_SIGN_STYLE = Automatic;
				CURRENT_PROJECT_VERSION = 1;
				DEVELOPMENT_TEAM = CM4R345HVW;
				ENABLE_PREVIEWS = YES;
				GENERATE_INFOPLIST_FILE = YES;
				INFOPLIST_KEY_UIApplicationSceneManifest_Generation = YES;
				INFOPLIST_KEY_UIApplicationSupportsIndirectInputEvents = YES;
				INFOPLIST_KEY_UILaunchScreen_Generation = YES;
				INFOPLIST_KEY_UISupportedInterfaceOrientations_iPad = "UIInterfaceOrientationPortrait UIInterfaceOrientationPortraitUpsideDown UIInterfaceOrientationLandscapeLeft UIInterfaceOrientationLandscapeRight";
				INFOPLIST_KEY_UISupportedInterfaceOrientations_iPhone = "UIInterfaceOrientationPortrait UIInterfaceOrientationLandscapeLeft UIInterfaceOrientationLandscapeRight";
				IPHONEOS_DEPLOYMENT_TARGET = 18.0;
				LD_RUNPATH_SEARCH_PATHS = (
					"$(inherited)",
					"@executable_path/Frameworks",
				);
				MARKETING_VERSION = 1.0;
				PRODUCT_BUNDLE_IDENTIFIER = com.tanosys.swiftUITestApp;
				PRODUCT_NAME = "$(TARGET_NAME)";
				STRING_CATALOG_GENERATE_SYMBOLS = YES;
				SWIFT_APPROACHABLE_CONCURRENCY = YES;
				SWIFT_DEFAULT_ACTOR_ISOLATION = MainActor;
				SWIFT_EMIT_LOC_STRINGS = YES;
				SWIFT_UPCOMING_FEATURE_MEMBER_IMPORT_VISIBILITY = YES;
				SWIFT_VERSION = 5.0;
				TARGETED_DEVICE_FAMILY = "1,2";
			};
			name = Release;
		};
		B62F753E2E4049C800D73687 /* Debug */ = {
			isa = XCBuildConfiguration;
			buildSettings = {
				BUNDLE_LOADER = "$(TEST_HOST)";
				CODE_SIGN_STYLE = Automatic;
				CURRENT_PROJECT_VERSION = 1;
				DEVELOPMENT_TEAM = CM4R345HVW;
				GENERATE_INFOPLIST_FILE = YES;
				IPHONEOS_DEPLOYMENT_TARGET = 26.0;
				MARKETING_VERSION = 1.0;
				PRODUCT_BUNDLE_IDENTIFIER = com.tanosys.swiftUITestAppTests;
				PRODUCT_NAME = "$(TARGET_NAME)";
				STRING_CATALOG_GENERATE_SYMBOLS = NO;
				SWIFT_APPROACHABLE_CONCURRENCY = YES;
				SWIFT_EMIT_LOC_STRINGS = NO;
				SWIFT_UPCOMING_FEATURE_MEMBER_IMPORT_VISIBILITY = YES;
				SWIFT_VERSION = 5.0;
				TARGETED_DEVICE_FAMILY = "1,2";
				TEST_HOST = "$(BUILT_PRODUCTS_DIR)/swiftUITestApp.app/$(BUNDLE_EXECUTABLE_FOLDER_PATH)/swiftUITestApp";
			};
			name = Debug;
		};
		B62F753F2E4049C800D73687 /* Release */ = {
			isa = XCBuildConfiguration;
			buildSettings = {
				BUNDLE_LOADER = "$(TEST_HOST)";
				CODE_SIGN_STYLE = Automatic;
				CURRENT_PROJECT_VERSION = 1;
				DEVELOPMENT_TEAM = CM4R345HVW;
				GENERATE_INFOPLIST_FILE = YES;
				IPHONEOS_DEPLOYMENT_TARGET = 26.0;
				MARKETING_VERSION = 1.0;
				PRODUCT_BUNDLE_IDENTIFIER = com.tanosys.swiftUITestAppTests;
				PRODUCT_NAME = "$(TARGET_NAME)";
				STRING_CATALOG_GENERATE_SYMBOLS = NO;
				SWIFT_APPROACHABLE_CONCURRENCY = YES;
				SWIFT_EMIT_LOC_STRINGS = NO;
				SWIFT_UPCOMING_FEATURE_MEMBER_IMPORT_VISIBILITY = YES;
				SWIFT_VERSION = 5.0;
				TARGETED_DEVICE_FAMILY = "1,2";
				TEST_HOST = "$(BUILT_PRODUCTS_DIR)/swiftUITestApp.app/$(BUNDLE_EXECUTABLE_FOLDER_PATH)/swiftUITestApp";
			};
			name = Release;
		};
		B62F75412E4049C800D73687 /* Debug */ = {
			isa = XCBuildConfiguration;
			buildSettings = {
				CODE_SIGN_STYLE = Automatic;
				CURRENT_PROJECT_VERSION = 1;
				DEVELOPMENT_TEAM = CM4R345HVW;
				GENERATE_INFOPLIST_FILE = YES;
				MARKETING_VERSION = 1.0;
				PRODUCT_BUNDLE_IDENTIFIER = com.tanosys.swiftUITestAppUITests;
				PRODUCT_NAME = "$(TARGET_NAME)";
				STRING_CATALOG_GENERATE_SYMBOLS = NO;
				SWIFT_APPROACHABLE_CONCURRENCY = YES;
				SWIFT_EMIT_LOC_STRINGS = NO;
				SWIFT_UPCOMING_FEATURE_MEMBER_IMPORT_VISIBILITY = YES;
				SWIFT_VERSION = 5.0;
				TARGETED_DEVICE_FAMILY = "1,2";
				TEST_TARGET_NAME = swiftUITestApp;
			};
			name = Debug;
		};
		B62F75422E4049C800D73687 /* Release */ = {
			isa = XCBuildConfiguration;
			buildSettings = {
				CODE_SIGN_STYLE = Automatic;
				CURRENT_PROJECT_VERSION = 1;
				DEVELOPMENT_TEAM = CM4R345HVW;
				GENERATE_INFOPLIST_FILE = YES;
				MARKETING_VERSION = 1.0;
				PRODUCT_BUNDLE_IDENTIFIER = com.tanosys.swiftUITestAppUITests;
				PRODUCT_NAME = "$(TARGET_NAME)";
				STRING_CATALOG_GENERATE_SYMBOLS = NO;
				SWIFT_APPROACHABLE_CONCURRENCY = YES;
				SWIFT_EMIT_LOC_STRINGS = NO;
				SWIFT_UPCOMING_FEATURE_MEMBER_IMPORT_VISIBILITY = YES;
				SWIFT_VERSION = 5.0;
				TARGETED_DEVICE_FAMILY = "1,2";
				TEST_TARGET_NAME = swiftUITestApp;
			};
			name = Release;
		};
/* End XCBuildConfiguration section */

/* Begin XCConfigurationList section */
		B62F750F2E4049C500D73687 /* Build configuration list for PBXProject "swiftUITestApp" */ = {
			isa = XCConfigurationList;
			buildConfigurations = (
				B62F75382E4049C800D73687 /* Debug */,
				B62F75392E4049C800D73687 /* Release */,
			);
			defaultConfigurationIsVisible = 0;
			defaultConfigurationName = Release;
		};
		B62F753A2E4049C800D73687 /* Build configuration list for PBXNativeTarget "swiftUITestApp" */ = {
			isa = XCConfigurationList;
			buildConfigurations = (
				B62F753B2E4049C800D73687 /* Debug */,
				B62F753C2E4049C800D73687 /* Release */,
			);
			defaultConfigurationIsVisible = 0;
			defaultConfigurationName = Release;
		};
		B62F753D2E4049C800D73687 /* Build configuration list for PBXNativeTarget "swiftUITestAppTests" */ = {
			isa = XCConfigurationList;
			buildConfigurations = (
				B62F753E2E4049C800D73687 /* Debug */,
				B62F753F2E4049C800D73687 /* Release */,
			);
			defaultConfigurationIsVisible = 0;
			defaultConfigurationName = Release;
		};
		B62F75402E4049C800D73687 /* Build configuration list for PBXNativeTarget "swiftUITestAppUITests" */ = {
			isa = XCConfigurationList;
			buildConfigurations = (
				B62F75412E4049C800D73687 /* Debug */,
				B62F75422E4049C800D73687 /* Release */,
			);
			defaultConfigurationIsVisible = 0;
			defaultConfigurationName = Release;
		};
/* End XCConfigurationList section */

/* Begin XCRemoteSwiftPackageReference section */
		00427DB1CC751BE62BE33E92 /* XCRemoteSwiftPackageReference "SimpleApiNetwork" */ = {
			isa = XCRemoteSwiftPackageReference;
			repositoryURL = "https://github.com/Tai-Kimura/SimpleApiNetwork";
			requirement = {
				kind = upToNextMajorVersion;
				minimumVersion = 2.1.8;
			};
		};
		6261DB863B866C86D314250A /* XCRemoteSwiftPackageReference "SwiftJsonUI" */ = {
			isa = XCRemoteSwiftPackageReference;
			repositoryURL = "https://github.com/Tai-Kimura/SwiftJsonUI.git";
			requirement = {
				kind = revision;
				revision = 4f25d9d14fcdc99cfb8ad7f2cc8216e2dc63d269;
			};
		};
/* End XCRemoteSwiftPackageReference section */

/* Begin XCSwiftPackageProductDependency section */
		1AE69B5B48C570AAA993027A /* SwiftJsonUI */ = {
			isa = XCSwiftPackageProductDependency;
			package = 6261DB863B866C86D314250A /* XCRemoteSwiftPackageReference "SwiftJsonUI" */;
			productName = SwiftJsonUI;
		};
		FAF51D5FC68EAA6615F9BA4E /* SimpleApiNetwork */ = {
			isa = XCSwiftPackageProductDependency;
			package = 00427DB1CC751BE62BE33E92 /* XCRemoteSwiftPackageReference "SimpleApiNetwork" */;
			productName = SimpleApiNetwork;
		};
/* End XCSwiftPackageProductDependency section */
	};
	rootObject = B62F750C2E4049C500D73687 /* Project object */;
}
