// !$*UTF8*$!
{
	archiveVersion = 1;
	classes = {
	};
	objectVersion = 77;
	objects = {

/* Begin PBXBuildFile section */
		B6EA0B192E40964F00F81080 /* SwiftJsonUI in Frameworks */ = {isa = PBXBuildFile; productRef = B6EA0B182E40964F00F81080 /* SwiftJsonUI */; };
/* End PBXBuildFile section */

/* Begin PBXContainerItemProxy section */
		B62F75272E4049C800D73687 /* PBXContainerItemProxy */ = {
			isa = PBXContainerItemProxy;
			containerPortal = B62F750C2E4049C500D73687 /* Project object */;
			proxyType = 1;
			remoteGlobalIDString = B62F75132E4049C500D73687;
			remoteInfo = swiftUITestApp;
		};
		B62F75312E4049C800D73687 /* PBXContainerItemProxy */ = {
			isa = PBXContainerItemProxy;
			containerPortal = B62F750C2E4049C500D73687 /* Project object */;
			proxyType = 1;
			remoteGlobalIDString = B62F75132E4049C500D73687;
			remoteInfo = swiftUITestApp;
		};
/* End PBXContainerItemProxy section */

/* Begin PBXFileReference section */
		B62F75142E4049C500D73687 /* swiftUITestApp.app */ = {isa = PBXFileReference; explicitFileType = wrapper.application; includeInIndex = 0; path = swiftUITestApp.app; sourceTree = BUILT_PRODUCTS_DIR; };
		B62F75262E4049C800D73687 /* swiftUITestAppTests.xctest */ = {isa = PBXFileReference; explicitFileType = wrapper.cfbundle; includeInIndex = 0; path = swiftUITestAppTests.xctest; sourceTree = BUILT_PRODUCTS_DIR; };
		B62F75302E4049C800D73687 /* swiftUITestAppUITests.xctest */ = {isa = PBXFileReference; explicitFileType = wrapper.cfbundle; includeInIndex = 0; path = swiftUITestAppUITests.xctest; sourceTree = BUILT_PRODUCTS_DIR; };
/* End PBXFileReference section */

/* Begin PBXFileSystemSynchronizedRootGroup section */
		B62F75162E4049C500D73687 /* swiftUITestApp */ = {
			isa = PBXFileSystemSynchronizedRootGroup;
			path = swiftUITestApp;
			sourceTree = "<group>";
		};
		B62F75292E4049C800D73687 /* swiftUITestAppTests */ = {
			isa = PBXFileSystemSynchronizedRootGroup;
			path = swiftUITestAppTests;
			sourceTree = "<group>";
		};
		B62F75332E4049C800D73687 /* swiftUITestAppUITests */ = {
			isa = PBXFileSystemSynchronizedRootGroup;
			path = swiftUITestAppUITests;
			sourceTree = "<group>";
		};
/* End PBXFileSystemSynchronizedRootGroup section */

/* Begin PBXFrameworksBuildPhase section */
		B62F75112E4049C500D73687 /* Frameworks */ = {
			isa = PBXFrameworksBuildPhase;
			buildActionMask = 2147483647;
			files = (
				B6EA0B192E40964F00F81080 /* SwiftJsonUI in Frameworks */,
			);
			runOnlyForDeploymentPostprocessing = 0;
		};
		B62F75232E4049C800D73687 /* Frameworks */ = {
			isa = PBXFrameworksBuildPhase;
			buildActionMask = 2147483647;
			files = (
			);
			runOnlyForDeploymentPostprocessing = 0;
		};
		B62F752D2E4049C800D73687 /* Frameworks */ = {
			isa = PBXFrameworksBuildPhase;
			buildActionMask = 2147483647;
			files = (
			);
			runOnlyForDeploymentPostprocessing = 0;
		};
/* End PBXFrameworksBuildPhase section */

/* Begin PBXGroup section */
		B62F750B2E4049C500D73687 = {
			isa = PBXGroup;
			children = (
				B62F75162E4049C500D73687 /* swiftUITestApp */,
				B62F75292E4049C800D73687 /* swiftUITestAppTests */,
				B62F75332E4049C800D73687 /* swiftUITestAppUITests */,
				B62F758C2E4059AA00D73687 /* Frameworks */,
				B62F75152E4049C500D73687 /* Products */,
			);
			sourceTree = "<group>";
		};
		B62F75152E4049C500D73687 /* Products */ = {
			isa = PBXGroup;
			children = (
				B62F75142E4049C500D73687 /* swiftUITestApp.app */,
				B62F75262E4049C800D73687 /* swiftUITestAppTests.xctest */,
				B62F75302E4049C800D73687 /* swiftUITestAppUITests.xctest */,
			);
			name = Products;
			sourceTree = "<group>";
		};
		B62F758C2E4059AA00D73687 /* Frameworks */ = {
			isa = PBXGroup;
			children = (
			);
			name = Frameworks;
			sourceTree = "<group>";
		};
/* End PBXGroup section */

/* Begin PBXNativeTarget section */
		B62F75132E4049C500D73687 /* swiftUITestApp */ = {
			isa = PBXNativeTarget;
			buildConfigurationList = B62F753A2E4049C800D73687 /* Build configuration list for PBXNativeTarget "swiftUITestApp" */;
			buildPhases = (
				B62F75102E4049C500D73687 /* Sources */,
				B62F75112E4049C500D73687 /* Frameworks */,
				B62F75122E4049C500D73687 /* Resources */,
			);
			buildRules = (
			);
			dependencies = (
			);
			fileSystemSynchronizedGroups = (
				B62F75162E4049C500D73687 /* swiftUITestApp */,
			);
			name = swiftUITestApp;
			packageProductDependencies = (
				B6EA0B182E40964F00F81080 /* SwiftJsonUI */,
			);
			productName = swiftUITestApp;
			productReference = B62F75142E4049C500D73687 /* swiftUITestApp.app */;
			productType = "com.apple.product-type.application";
		};
		B62F75252E4049C800D73687 /* swiftUITestAppTests */ = {
			isa = PBXNativeTarget;
			buildConfigurationList = B62F753D2E4049C800D73687 /* Build configuration list for PBXNativeTarget "swiftUITestAppTests" */;
			buildPhases = (
				B62F75222E4049C800D73687 /* Sources */,
				B62F75232E4049C800D73687 /* Frameworks */,
				B62F75242E4049C800D73687 /* Resources */,
			);
			buildRules = (
			);
			dependencies = (
				B62F75282E4049C800D73687 /* PBXTargetDependency */,
			);
			fileSystemSynchronizedGroups = (
				B62F75292E4049C800D73687 /* swiftUITestAppTests */,
			);
			name = swiftUITestAppTests;
			packageProductDependencies = (
			);
			productName = swiftUITestAppTests;
			productReference = B62F75262E4049C800D73687 /* swiftUITestAppTests.xctest */;
			productType = "com.apple.product-type.bundle.unit-test";
		};
		B62F752F2E4049C800D73687 /* swiftUITestAppUITests */ = {
			isa = PBXNativeTarget;
			buildConfigurationList = B62F75402E4049C800D73687 /* Build configuration list for PBXNativeTarget "swiftUITestAppUITests" */;
			buildPhases = (
				B62F752C2E4049C800D73687 /* Sources */,
				B62F752D2E4049C800D73687 /* Frameworks */,
				B62F752E2E4049C800D73687 /* Resources */,
			);
			buildRules = (
			);
			dependencies = (
				B62F75322E4049C800D73687 /* PBXTargetDependency */,
			);
			fileSystemSynchronizedGroups = (
				B62F75332E4049C800D73687 /* swiftUITestAppUITests */,
			);
			name = swiftUITestAppUITests;
			packageProductDependencies = (
			);
			productName = swiftUITestAppUITests;
			productReference = B62F75302E4049C800D73687 /* swiftUITestAppUITests.xctest */;
			productType = "com.apple.product-type.bundle.ui-testing";
		};
/* End PBXNativeTarget section */

/* Begin PBXProject section */
		B62F750C2E4049C500D73687 /* Project object */ = {
			isa = PBXProject;
			attributes = {
				BuildIndependentTargetsInParallel = 1;
				LastSwiftUpdateCheck = 2600;
				LastUpgradeCheck = 2600;
				TargetAttributes = {
					B62F75132E4049C500D73687 = {
						CreatedOnToolsVersion = 26.0;
					};
					B62F75252E4049C800D73687 = {
						CreatedOnToolsVersion = 26.0;
						TestTargetID = B62F75132E4049C500D73687;
					};
					B62F752F2E4049C800D73687 = {
						CreatedOnToolsVersion = 26.0;
						TestTargetID = B62F75132E4049C500D73687;
					};
				};
			};
			buildConfigurationList = B62F750F2E4049C500D73687 /* Build configuration list for PBXProject "swiftUITestApp" */;
			developmentRegion = en;
			hasScannedForEncodings = 0;
			knownRegions = (
				en,
				Base,
			);
			mainGroup = B62F750B2E4049C500D73687;
			minimizedProjectReferenceProxies = 1;
			packageReferences = (
				B6EA0B172E40964F00F81080 /* XCRemoteSwiftPackageReference "SwiftJsonUI" */,
			);
			preferredProjectObjectVersion = 77;
			productRefGroup = B62F75152E4049C500D73687 /* Products */;
			projectDirPath = "";
			projectRoot = "";
			targets = (
				B62F75132E4049C500D73687 /* swiftUITestApp */,
				B62F75252E4049C800D73687 /* swiftUITestAppTests */,
				B62F752F2E4049C800D73687 /* swiftUITestAppUITests */,
			);
		};
/* End PBXProject section */

/* Begin PBXResourcesBuildPhase section */
		B62F75122E4049C500D73687 /* Resources */ = {
			isa = PBXResourcesBuildPhase;
			buildActionMask = 2147483647;
			files = (
			);
			runOnlyForDeploymentPostprocessing = 0;
		};
		B62F75242E4049C800D73687 /* Resources */ = {
			isa = PBXResourcesBuildPhase;
			buildActionMask = 2147483647;
			files = (
			);
			runOnlyForDeploymentPostprocessing = 0;
		};
		B62F752E2E4049C800D73687 /* Resources */ = {
			isa = PBXResourcesBuildPhase;
			buildActionMask = 2147483647;
			files = (
			);
			runOnlyForDeploymentPostprocessing = 0;
		};
/* End PBXResourcesBuildPhase section */

/* Begin PBXSourcesBuildPhase section */
		B62F75102E4049C500D73687 /* Sources */ = {
			isa = PBXSourcesBuildPhase;
			buildActionMask = 2147483647;
			files = (
			);
			runOnlyForDeploymentPostprocessing = 0;
		};
		B62F75222E4049C800D73687 /* Sources */ = {
			isa = PBXSourcesBuildPhase;
			buildActionMask = 2147483647;
			files = (
			);
			runOnlyForDeploymentPostprocessing = 0;
		};
		B62F752C2E4049C800D73687 /* Sources */ = {
			isa = PBXSourcesBuildPhase;
			buildActionMask = 2147483647;
			files = (
			);
			runOnlyForDeploymentPostprocessing = 0;
		};
/* End PBXSourcesBuildPhase section */

/* Begin PBXTargetDependency section */
		B62F75282E4049C800D73687 /* PBXTargetDependency */ = {
			isa = PBXTargetDependency;
			target = B62F75132E4049C500D73687 /* swiftUITestApp */;
			targetProxy = B62F75272E4049C800D73687 /* PBXContainerItemProxy */;
		};
		B62F75322E4049C800D73687 /* PBXTargetDependency */ = {
			isa = PBXTargetDependency;
			target = B62F75132E4049C500D73687 /* swiftUITestApp */;
			targetProxy = B62F75312E4049C800D73687 /* PBXContainerItemProxy */;
		};
/* End PBXTargetDependency section */

/* Begin XCBuildConfiguration section */
		B62F75382E4049C800D73687 /* Debug */ = {
			isa = XCBuildConfiguration;
			buildSettings = {
				ALWAYS_SEARCH_USER_PATHS = NO;
				ASSETCATALOG_COMPILER_GENERATE_SWIFT_ASSET_SYMBOL_EXTENSIONS = YES;
				CLANG_ANALYZER_NONNULL = YES;
				CLANG_ANALYZER_NUMBER_OBJECT_CONVERSION = YES_AGGRESSIVE;
				CLANG_CXX_LANGUAGE_STANDARD = "gnu++20";
				CLANG_ENABLE_MODULES = YES;
				CLANG_ENABLE_OBJC_ARC = YES;
				CLANG_ENABLE_OBJC_WEAK = YES;
				CLANG_WARN_BLOCK_CAPTURE_AUTORELEASING = YES;
				CLANG_WARN_BOOL_CONVERSION = YES;
				CLANG_WARN_COMMA = YES;
				CLANG_WARN_CONSTANT_CONVERSION = YES;
				CLANG_WARN_DEPRECATED_OBJC_IMPLEMENTATIONS = YES;
				CLANG_WARN_DIRECT_OBJC_ISA_USAGE = YES_ERROR;
				CLANG_WARN_DOCUMENTATION_COMMENTS = YES;
				CLANG_WARN_EMPTY_BODY = YES;
				CLANG_WARN_ENUM_CONVERSION = YES;
				CLANG_WARN_INFINITE_RECURSION = YES;
				CLANG_WARN_INT_CONVERSION = YES;
				CLANG_WARN_NON_LITERAL_NULL_CONVERSION = YES;
				CLANG_WARN_OBJC_IMPLICIT_RETAIN_SELF = YES;
				CLANG_WARN_OBJC_LITERAL_CONVERSION = YES;
				CLANG_WARN_OBJC_ROOT_CLASS = YES_ERROR;
				CLANG_WARN_QUOTED_INCLUDE_IN_FRAMEWORK_HEADER = YES;
				CLANG_WARN_RANGE_LOOP_ANALYSIS = YES;
				CLANG_WARN_STRICT_PROTOTYPES = YES;
				CLANG_WARN_SUSPICIOUS_MOVE = YES;
				CLANG_WARN_UNGUARDED_AVAILABILITY = YES_AGGRESSIVE;
				CLANG_WARN_UNREACHABLE_CODE = YES;
				CLANG_WARN__DUPLICATE_METHOD_MATCH = YES;
				COPY_PHASE_STRIP = NO;
				DEBUG_INFORMATION_FORMAT = dwarf;
				DEVELOPMENT_TEAM = CM4R345HVW;
				ENABLE_STRICT_OBJC_MSGSEND = YES;
				ENABLE_TESTABILITY = YES;
				ENABLE_USER_SCRIPT_SANDBOXING = YES;
				GCC_C_LANGUAGE_STANDARD = gnu17;
				GCC_DYNAMIC_NO_PIC = NO;
				GCC_NO_COMMON_BLOCKS = YES;
				GCC_OPTIMIZATION_LEVEL = 0;
				GCC_PREPROCESSOR_DEFINITIONS = (
					"DEBUG=1",
					"$(inherited)",
				);
				GCC_WARN_64_TO_32_BIT_CONVERSION = YES;
				GCC_WARN_ABOUT_RETURN_TYPE = YES_ERROR;
				GCC_WARN_UNDECLARED_SELECTOR = YES;
				GCC_WARN_UNINITIALIZED_AUTOS = YES_AGGRESSIVE;
				GCC_WARN_UNUSED_FUNCTION = YES;
				GCC_WARN_UNUSED_VARIABLE = YES;
				IPHONEOS_DEPLOYMENT_TARGET = 26.0;
				LOCALIZATION_PREFERS_STRING_CATALOGS = YES;
				MTL_ENABLE_DEBUG_INFO = INCLUDE_SOURCE;
				MTL_FAST_MATH = YES;
				ONLY_ACTIVE_ARCH = YES;
				SDKROOT = iphoneos;
				SWIFT_ACTIVE_COMPILATION_CONDITIONS = "DEBUG $(inherited)";
				SWIFT_OPTIMIZATION_LEVEL = "-Onone";
			};
			name = Debug;
		};
		B62F75392E4049C800D73687 /* Release */ = {
			isa = XCBuildConfiguration;
			buildSettings = {
				ALWAYS_SEARCH_USER_PATHS = NO;
				ASSETCATALOG_COMPILER_GENERATE_SWIFT_ASSET_SYMBOL_EXTENSIONS = YES;
				CLANG_ANALYZER_NONNULL = YES;
				CLANG_ANALYZER_NUMBER_OBJECT_CONVERSION = YES_AGGRESSIVE;
				CLANG_CXX_LANGUAGE_STANDARD = "gnu++20";
				CLANG_ENABLE_MODULES = YES;
				CLANG_ENABLE_OBJC_ARC = YES;
				CLANG_ENABLE_OBJC_WEAK = YES;
				CLANG_WARN_BLOCK_CAPTURE_AUTORELEASING = YES;
				CLANG_WARN_BOOL_CONVERSION = YES;
				CLANG_WARN_COMMA = YES;
				CLANG_WARN_CONSTANT_CONVERSION = YES;
				CLANG_WARN_DEPRECATED_OBJC_IMPLEMENTATIONS = YES;
				CLANG_WARN_DIRECT_OBJC_ISA_USAGE = YES_ERROR;
				CLANG_WARN_DOCUMENTATION_COMMENTS = YES;
				CLANG_WARN_EMPTY_BODY = YES;
				CLANG_WARN_ENUM_CONVERSION = YES;
				CLANG_WARN_INFINITE_RECURSION = YES;
				CLANG_WARN_INT_CONVERSION = YES;
				CLANG_WARN_NON_LITERAL_NULL_CONVERSION = YES;
				CLANG_WARN_OBJC_IMPLICIT_RETAIN_SELF = YES;
				CLANG_WARN_OBJC_LITERAL_CONVERSION = YES;
				CLANG_WARN_OBJC_ROOT_CLASS = YES_ERROR;
				CLANG_WARN_QUOTED_INCLUDE_IN_FRAMEWORK_HEADER = YES;
				CLANG_WARN_RANGE_LOOP_ANALYSIS = YES;
				CLANG_WARN_STRICT_PROTOTYPES = YES;
				CLANG_WARN_SUSPICIOUS_MOVE = YES;
				CLANG_WARN_UNGUARDED_AVAILABILITY = YES_AGGRESSIVE;
				CLANG_WARN_UNREACHABLE_CODE = YES;
				CLANG_WARN__DUPLICATE_METHOD_MATCH = YES;
				COPY_PHASE_STRIP = NO;
				DEBUG_INFORMATION_FORMAT = "dwarf-with-dsym";
				DEVELOPMENT_TEAM = CM4R345HVW;
				ENABLE_NS_ASSERTIONS = NO;
				ENABLE_STRICT_OBJC_MSGSEND = YES;
				ENABLE_USER_SCRIPT_SANDBOXING = YES;
				GCC_C_LANGUAGE_STANDARD = gnu17;
				GCC_NO_COMMON_BLOCKS = YES;
				GCC_WARN_64_TO_32_BIT_CONVERSION = YES;
				GCC_WARN_ABOUT_RETURN_TYPE = YES_ERROR;
				GCC_WARN_UNDECLARED_SELECTOR = YES;
				GCC_WARN_UNINITIALIZED_AUTOS = YES_AGGRESSIVE;
				GCC_WARN_UNUSED_FUNCTION = YES;
				GCC_WARN_UNUSED_VARIABLE = YES;
				IPHONEOS_DEPLOYMENT_TARGET = 26.0;
				LOCALIZATION_PREFERS_STRING_CATALOGS = YES;
				MTL_ENABLE_DEBUG_INFO = NO;
				MTL_FAST_MATH = YES;
				SDKROOT = iphoneos;
				SWIFT_COMPILATION_MODE = wholemodule;
				VALIDATE_PRODUCT = YES;
			};
			name = Release;
		};
		B62F753B2E4049C800D73687 /* Debug */ = {
			isa = XCBuildConfiguration;
			buildSettings = {
				ASSETCATALOG_COMPILER_APPICON_NAME = AppIcon;
				ASSETCATALOG_COMPILER_GLOBAL_ACCENT_COLOR_NAME = AccentColor;
				CODE_SIGN_STYLE = Automatic;
				CURRENT_PROJECT_VERSION = 1;
				DEVELOPMENT_TEAM = CM4R345HVW;
				ENABLE_PREVIEWS = YES;
				GENERATE_INFOPLIST_FILE = YES;
				INFOPLIST_KEY_UIApplicationSceneManifest_Generation = YES;
				INFOPLIST_KEY_UIApplicationSupportsIndirectInputEvents = YES;
				INFOPLIST_KEY_UILaunchScreen_Generation = YES;
				INFOPLIST_KEY_UISupportedInterfaceOrientations_iPad = "UIInterfaceOrientationPortrait UIInterfaceOrientationPortraitUpsideDown UIInterfaceOrientationLandscapeLeft UIInterfaceOrientationLandscapeRight";
				INFOPLIST_KEY_UISupportedInterfaceOrientations_iPhone = "UIInterfaceOrientationPortrait UIInterfaceOrientationLandscapeLeft UIInterfaceOrientationLandscapeRight";
				LD_RUNPATH_SEARCH_PATHS = (
					"$(inherited)",
					"@executable_path/Frameworks",
				);
				MARKETING_VERSION = 1.0;
				PRODUCT_BUNDLE_IDENTIFIER = com.tanosys.swiftUITestApp;
				PRODUCT_NAME = "$(TARGET_NAME)";
				STRING_CATALOG_GENERATE_SYMBOLS = YES;
				SWIFT_APPROACHABLE_CONCURRENCY = YES;
				SWIFT_DEFAULT_ACTOR_ISOLATION = MainActor;
				SWIFT_EMIT_LOC_STRINGS = YES;
				SWIFT_UPCOMING_FEATURE_MEMBER_IMPORT_VISIBILITY = YES;
				SWIFT_VERSION = 5.0;
				TARGETED_DEVICE_FAMILY = "1,2";
			};
			name = Debug;
		};
		B62F753C2E4049C800D73687 /* Release */ = {
			isa = XCBuildConfiguration;
			buildSettings = {
				ASSETCATALOG_COMPILER_APPICON_NAME = AppIcon;
				ASSETCATALOG_COMPILER_GLOBAL_ACCENT_COLOR_NAME = AccentColor;
				CODE_SIGN_STYLE = Automatic;
				CURRENT_PROJECT_VERSION = 1;
				DEVELOPMENT_TEAM = CM4R345HVW;
				ENABLE_PREVIEWS = YES;
				GENERATE_INFOPLIST_FILE = YES;
				INFOPLIST_KEY_UIApplicationSceneManifest_Generation = YES;
				INFOPLIST_KEY_UIApplicationSupportsIndirectInputEvents = YES;
				INFOPLIST_KEY_UILaunchScreen_Generation = YES;
				INFOPLIST_KEY_UISupportedInterfaceOrientations_iPad = "UIInterfaceOrientationPortrait UIInterfaceOrientationPortraitUpsideDown UIInterfaceOrientationLandscapeLeft UIInterfaceOrientationLandscapeRight";
				INFOPLIST_KEY_UISupportedInterfaceOrientations_iPhone = "UIInterfaceOrientationPortrait UIInterfaceOrientationLandscapeLeft UIInterfaceOrientationLandscapeRight";
				LD_RUNPATH_SEARCH_PATHS = (
					"$(inherited)",
					"@executable_path/Frameworks",
				);
				MARKETING_VERSION = 1.0;
				PRODUCT_BUNDLE_IDENTIFIER = com.tanosys.swiftUITestApp;
				PRODUCT_NAME = "$(TARGET_NAME)";
				STRING_CATALOG_GENERATE_SYMBOLS = YES;
				SWIFT_APPROACHABLE_CONCURRENCY = YES;
				SWIFT_DEFAULT_ACTOR_ISOLATION = MainActor;
				SWIFT_EMIT_LOC_STRINGS = YES;
				SWIFT_UPCOMING_FEATURE_MEMBER_IMPORT_VISIBILITY = YES;
				SWIFT_VERSION = 5.0;
				TARGETED_DEVICE_FAMILY = "1,2";
			};
			name = Release;
		};
		B62F753E2E4049C800D73687 /* Debug */ = {
			isa = XCBuildConfiguration;
			buildSettings = {
				BUNDLE_LOADER = "$(TEST_HOST)";
				CODE_SIGN_STYLE = Automatic;
				CURRENT_PROJECT_VERSION = 1;
				DEVELOPMENT_TEAM = CM4R345HVW;
				GENERATE_INFOPLIST_FILE = YES;
				IPHONEOS_DEPLOYMENT_TARGET = 26.0;
				MARKETING_VERSION = 1.0;
				PRODUCT_BUNDLE_IDENTIFIER = com.tanosys.swiftUITestAppTests;
				PRODUCT_NAME = "$(TARGET_NAME)";
				STRING_CATALOG_GENERATE_SYMBOLS = NO;
				SWIFT_APPROACHABLE_CONCURRENCY = YES;
				SWIFT_EMIT_LOC_STRINGS = NO;
				SWIFT_UPCOMING_FEATURE_MEMBER_IMPORT_VISIBILITY = YES;
				SWIFT_VERSION = 5.0;
				TARGETED_DEVICE_FAMILY = "1,2";
				TEST_HOST = "$(BUILT_PRODUCTS_DIR)/swiftUITestApp.app/$(BUNDLE_EXECUTABLE_FOLDER_PATH)/swiftUITestApp";
			};
			name = Debug;
		};
		B62F753F2E4049C800D73687 /* Release */ = {
			isa = XCBuildConfiguration;
			buildSettings = {
				BUNDLE_LOADER = "$(TEST_HOST)";
				CODE_SIGN_STYLE = Automatic;
				CURRENT_PROJECT_VERSION = 1;
				DEVELOPMENT_TEAM = CM4R345HVW;
				GENERATE_INFOPLIST_FILE = YES;
				IPHONEOS_DEPLOYMENT_TARGET = 26.0;
				MARKETING_VERSION = 1.0;
				PRODUCT_BUNDLE_IDENTIFIER = com.tanosys.swiftUITestAppTests;
				PRODUCT_NAME = "$(TARGET_NAME)";
				STRING_CATALOG_GENERATE_SYMBOLS = NO;
				SWIFT_APPROACHABLE_CONCURRENCY = YES;
				SWIFT_EMIT_LOC_STRINGS = NO;
				SWIFT_UPCOMING_FEATURE_MEMBER_IMPORT_VISIBILITY = YES;
				SWIFT_VERSION = 5.0;
				TARGETED_DEVICE_FAMILY = "1,2";
				TEST_HOST = "$(BUILT_PRODUCTS_DIR)/swiftUITestApp.app/$(BUNDLE_EXECUTABLE_FOLDER_PATH)/swiftUITestApp";
			};
			name = Release;
		};
		B62F75412E4049C800D73687 /* Debug */ = {
			isa = XCBuildConfiguration;
			buildSettings = {
				CODE_SIGN_STYLE = Automatic;
				CURRENT_PROJECT_VERSION = 1;
				DEVELOPMENT_TEAM = CM4R345HVW;
				GENERATE_INFOPLIST_FILE = YES;
				MARKETING_VERSION = 1.0;
				PRODUCT_BUNDLE_IDENTIFIER = com.tanosys.swiftUITestAppUITests;
				PRODUCT_NAME = "$(TARGET_NAME)";
				STRING_CATALOG_GENERATE_SYMBOLS = NO;
				SWIFT_APPROACHABLE_CONCURRENCY = YES;
				SWIFT_EMIT_LOC_STRINGS = NO;
				SWIFT_UPCOMING_FEATURE_MEMBER_IMPORT_VISIBILITY = YES;
				SWIFT_VERSION = 5.0;
				TARGETED_DEVICE_FAMILY = "1,2";
				TEST_TARGET_NAME = swiftUITestApp;
			};
			name = Debug;
		};
		B62F75422E4049C800D73687 /* Release */ = {
			isa = XCBuildConfiguration;
			buildSettings = {
				CODE_SIGN_STYLE = Automatic;
				CURRENT_PROJECT_VERSION = 1;
				DEVELOPMENT_TEAM = CM4R345HVW;
				GENERATE_INFOPLIST_FILE = YES;
				MARKETING_VERSION = 1.0;
				PRODUCT_BUNDLE_IDENTIFIER = com.tanosys.swiftUITestAppUITests;
				PRODUCT_NAME = "$(TARGET_NAME)";
				STRING_CATALOG_GENERATE_SYMBOLS = NO;
				SWIFT_APPROACHABLE_CONCURRENCY = YES;
				SWIFT_EMIT_LOC_STRINGS = NO;
				SWIFT_UPCOMING_FEATURE_MEMBER_IMPORT_VISIBILITY = YES;
				SWIFT_VERSION = 5.0;
				TARGETED_DEVICE_FAMILY = "1,2";
				TEST_TARGET_NAME = swiftUITestApp;
			};
			name = Release;
		};
/* End XCBuildConfiguration section */

/* Begin XCConfigurationList section */
		B62F750F2E4049C500D73687 /* Build configuration list for PBXProject "swiftUITestApp" */ = {
			isa = XCConfigurationList;
			buildConfigurations = (
				B62F75382E4049C800D73687 /* Debug */,
				B62F75392E4049C800D73687 /* Release */,
			);
			defaultConfigurationIsVisible = 0;
			defaultConfigurationName = Release;
		};
		B62F753A2E4049C800D73687 /* Build configuration list for PBXNativeTarget "swiftUITestApp" */ = {
			isa = XCConfigurationList;
			buildConfigurations = (
				B62F753B2E4049C800D73687 /* Debug */,
				B62F753C2E4049C800D73687 /* Release */,
			);
			defaultConfigurationIsVisible = 0;
			defaultConfigurationName = Release;
		};
		B62F753D2E4049C800D73687 /* Build configuration list for PBXNativeTarget "swiftUITestAppTests" */ = {
			isa = XCConfigurationList;
			buildConfigurations = (
				B62F753E2E4049C800D73687 /* Debug */,
				B62F753F2E4049C800D73687 /* Release */,
			);
			defaultConfigurationIsVisible = 0;
			defaultConfigurationName = Release;
		};
		B62F75402E4049C800D73687 /* Build configuration list for PBXNativeTarget "swiftUITestAppUITests" */ = {
			isa = XCConfigurationList;
			buildConfigurations = (
				B62F75412E4049C800D73687 /* Debug */,
				B62F75422E4049C800D73687 /* Release */,
			);
			defaultConfigurationIsVisible = 0;
			defaultConfigurationName = Release;
		};
/* End XCConfigurationList section */

/* Begin XCRemoteSwiftPackageReference section */
		B6EA0B172E40964F00F81080 /* XCRemoteSwiftPackageReference "SwiftJsonUI" */ = {
			isa = XCRemoteSwiftPackageReference;
			repositoryURL = "https://github.com/Tai-Kimura/SwiftJsonUI";
			requirement = {
				kind = revision;
				revision = b31be046cc532bf647d0e9ca7c055a5a99570c65;
			};
		};
/* End XCRemoteSwiftPackageReference section */

/* Begin XCSwiftPackageProductDependency section */
		B6EA0B182E40964F00F81080 /* SwiftJsonUI */ = {
			isa = XCSwiftPackageProductDependency;
			package = B6EA0B172E40964F00F81080 /* XCRemoteSwiftPackageReference "SwiftJsonUI" */;
			productName = SwiftJsonUI;
		};
/* End XCSwiftPackageProductDependency section */
	};
	rootObject = B62F750C2E4049C500D73687 /* Project object */;
}
